
Microsoft Visual Studio Solution File, Format Version 12.00
# Visual Studio Version 17
VisualStudioVersion = 17.5.33516.290
MinimumVisualStudioVersion = 10.0.40219.1
Project("{FAE04EC0-301F-11D3-BF4B-00C04F79EFBC}") = "zx1", "zx1\zx1.csproj", "{97A8A76E-D059-45A8-AD3D-08F0CA1D98BF}"
EndProject
Project("{FAE04EC0-301F-11D3-BF4B-00C04F79EFBC}") = "ConsoleApp2", "ConsoleApp2\ConsoleApp2.csproj", "{44EF367A-DEA0-46BB-BD41-B712BDC4551E}"
EndProject
Project("{FAE04EC0-301F-11D3-BF4B-00C04F79EFBC}") = "Create", "Create\Create.csproj", "{D12B0687-B7A0-40F2-988A-BDF7547C83E8}"
EndProject
Project("{FAE04EC0-301F-11D3-BF4B-00C04F79EFBC}") = "c2", "c2\c2.csproj", "{198E07B3-CF9C-4ED0-BDB7-E2696CE4689A}"
EndProject
Project("{FAE04EC0-301F-11D3-BF4B-00C04F79EFBC}") = "c1", "c1\c1.csproj", "{6A96CE45-B000-4BA1-9558-0A16A936EEFA}"
EndProject
Project("{FAE04EC0-301F-11D3-BF4B-00C04F79EFBC}") = "c3", "c3\c3.csproj", "{8E36FA0D-2BE8-4898-832B-0C3656973534}"
EndProject
Project("{FAE04EC0-301F-11D3-BF4B-00C04F79EFBC}") = "c4", "c4\c4.csproj", "{DBB15A9C-652E-4610-A7BC-593FB320899B}"
EndProject
Project("{2150E333-8FDC-42A3-9474-1A3956D46DE8}") = "继承", "继承", "{08A23E7A-06B4-4219-BD15-882BCCB03BFC}"
EndProject
Project("{FAE04EC0-301F-11D3-BF4B-00C04F79EFBC}") = "c5", "c5\c5.csproj", "{0EB14E7B-464C-44BD-882B-903DA2345E70}"
EndProject
Project("{FAE04EC0-301F-11D3-BF4B-00C04F79EFBC}") = "c6", "c6\c6.csproj", "{16AC84C5-22AD-43FF-8650-084B516338D4}"
EndProject
Project("{FAE04EC0-301F-11D3-BF4B-00C04F79EFBC}") = "c7", "c7\c7.csproj", "{6E0C80B6-2218-4C64-BA0A-1968177B290F}"
EndProject
Project("{2150E333-8FDC-42A3-9474-1A3956D46DE8}") = "委托", "委托", "{50541049-244A-4183-8F93-052D6DBD3912}"
EndProject
Project("{FAE04EC0-301F-11D3-BF4B-00C04F79EFBC}") = "a1", "a1\a1.csproj", "{7908CA20-4396-4A04-8D34-29F04E825934}"
EndProject
Project("{FAE04EC0-301F-11D3-BF4B-00C04F79EFBC}") = "a2", "a2\a2.csproj", "{3FF594DB-F1C9-417B-8A01-9A95CF1D25C8}"
EndProject
Project("{FAE04EC0-301F-11D3-BF4B-00C04F79EFBC}") = "a3", "a3\a3.csproj", "{14E5FC94-4327-4F73-901D-7D5CD00F43A2}"
EndProject
Project("{FAE04EC0-301F-11D3-BF4B-00C04F79EFBC}") = "a4", "a4\a4.csproj", "{FAF58828-8AB5-47D5-ACBD-D00EB9AD17E1}"
EndProject
Project("{FAE04EC0-301F-11D3-BF4B-00C04F79EFBC}") = "sj", "sj\sj.csproj", "{C8540E59-E1F1-4D83-8DA9-8B045475D484}"
EndProject
Project("{2150E333-8FDC-42A3-9474-1A3956D46DE8}") = "事件pro", "事件pro", "{9B2F3B17-5F31-4771-9E9B-F1AEE15B722C}"
EndProject
Project("{FAE04EC0-301F-11D3-BF4B-00C04F79EFBC}") = "sj1", "sj1\sj1.csproj", "{2AE07B10-9578-4142-A6F7-EBFFC5868601}"
EndProject
Project("{FAE04EC0-301F-11D3-BF4B-00C04F79EFBC}") = "sj3", "sj3\sj3.csproj", "{50B426AF-FC58-462A-A0EF-5AAA89912918}"
EndProject
Project("{FAE04EC0-301F-11D3-BF4B-00C04F79EFBC}") = "FormApp1", "FormApp1\FormApp1.csproj", "{3F95F531-F999-4E32-BB87-D5A35E5D4BFB}"
EndProject
Project("{FAE04EC0-301F-11D3-BF4B-00C04F79EFBC}") = "sj4", "sj4\sj4.csproj", "{A43316DD-BD00-4D67-8055-E1989A11E86D}"
EndProject
Project("{FAE04EC0-301F-11D3-BF4B-00C04F79EFBC}") = "sj5", "sj5\sj5.csproj", "{C5706DF9-7490-44B9-B8FD-0053AB0DDBFE}"
EndProject
Project("{FAE04EC0-301F-11D3-BF4B-00C04F79EFBC}") = "sj6", "sj6\sj6.csproj", "{A0A62E86-443A-40A6-AE05-2EEF651E7C31}"
EndProject
Project("{FAE04EC0-301F-11D3-BF4B-00C04F79EFBC}") = "sj7", "sj7\sj7.csproj", "{F4792836-BD45-4C6F-A90A-90561D282101}"
EndProject
Project("{2150E333-8FDC-42A3-9474-1A3956D46DE8}") = "多态", "多态", "{B4114A02-1388-4574-BD6B-8FD8BF7CC323}"
EndProject
Project("{FAE04EC0-301F-11D3-BF4B-00C04F79EFBC}") = "D1", "D1\D1.csproj", "{C74115AD-11F9-41D4-940F-856E2A0D6A7C}"
EndProject
Project("{FAE04EC0-301F-11D3-BF4B-00C04F79EFBC}") = "D2", "D2\D2.csproj", "{1AF8BDA2-1A1F-4B6B-AE85-367F10162A8C}"
EndProject
Project("{FAE04EC0-301F-11D3-BF4B-00C04F79EFBC}") = "D3", "D3\D3.csproj", "{D0F9EBE0-4992-4950-82FB-A5B27F29ED24}"
EndProject
Project("{FAE04EC0-301F-11D3-BF4B-00C04F79EFBC}") = "D4", "D4\D4.csproj", "{4EDB08CB-7EEF-4F5E-BFA5-779471397EB6}"
EndProject
Project("{FAE04EC0-301F-11D3-BF4B-00C04F79EFBC}") = "D5", "D5\D5.csproj", "{AEB9D6A6-6D59-4F6F-A213-F3720F595CD0}"
EndProject
Project("{FAE04EC0-301F-11D3-BF4B-00C04F79EFBC}") = "D6", "D6\D6.csproj", "{44E741A4-7C62-4B26-BAD1-B2AA30AF6414}"
EndProject
Project("{FAE04EC0-301F-11D3-BF4B-00C04F79EFBC}") = "Power.Tests", "Power.Tests\Power.Tests.csproj", "{4C84D422-E56B-46C1-9D8C-DCA0093F8F9C}"
EndProject
Project("{2150E333-8FDC-42A3-9474-1A3956D46DE8}") = "ISP", "ISP", "{9F705171-E503-4AD4-B1C1-A08A3940856F}"
EndProject
Project("{FAE04EC0-301F-11D3-BF4B-00C04F79EFBC}") = "i1", "i1\i1.csproj", "{3202FBE9-1805-4FCB-B663-3D847714B7E2}"
EndProject
Project("{FAE04EC0-301F-11D3-BF4B-00C04F79EFBC}") = "i2", "i2\i2.csproj", "{F1F4BE53-770A-4B5B-9AEA-9E8722E38C9D}"
EndProject
Project("{FAE04EC0-301F-11D3-BF4B-00C04F79EFBC}") = "i3", "i3\i3.csproj", "{C41EF887-A304-478F-ADD8-3A4CCA05AD04}"
EndProject
Project("{9A19103F-16F7-4668-BE54-9A1E7A4F7556}") = "BobyStroller.App", "BobyStroller.App\BobyStroller.App.csproj", "{41AD0FFF-6CEE-498D-94A8-D6115D6E965F}"
EndProject
Project("{9A19103F-16F7-4668-BE54-9A1E7A4F7556}") = "Animals", "Animals\Animals.csproj", "{1BF25B55-1C74-40DB-A5C1-B92D0AF79B24}"
EndProject
Project("{2150E333-8FDC-42A3-9474-1A3956D46DE8}") = "ioc", "ioc", "{2BBCB1AC-47CC-455E-8B98-4A9B15630A5F}"
EndProject
Project("{9A19103F-16F7-4668-BE54-9A1E7A4F7556}") = "Stroller", "Stroller\Stroller.csproj", "{255D7AFF-FA19-4E79-84ED-04846C7FD7F6}"
EndProject
Project("{2150E333-8FDC-42A3-9474-1A3956D46DE8}") = "泛型", "泛型", "{7A830F5E-00BD-4D4D-BDF1-33CBAB280EBF}"
EndProject
Project("{FAE04EC0-301F-11D3-BF4B-00C04F79EFBC}") = "f1", "f1\f1.csproj", "{295F52C8-34AF-4621-BE12-BFA8AFC6D416}"
EndProject
Project("{FAE04EC0-301F-11D3-BF4B-00C04F79EFBC}") = "f2", "f2\f2.csproj", "{6084DDE7-2E65-4E63-84EF-D09BBB7EEFFB}"
EndProject
Project("{FAE04EC0-301F-11D3-BF4B-00C04F79EFBC}") = "fx3", "fx3\fx3.csproj", "{BEE5981B-8319-4F2F-85CD-FBFD399B012D}"
EndProject
Project("{FAE04EC0-301F-11D3-BF4B-00C04F79EFBC}") = "fx4", "fx4\fx4.csproj", "{716FC200-7F67-4692-AF10-522BC06A2B9A}"
EndProject
Project("{FAE04EC0-301F-11D3-BF4B-00C04F79EFBC}") = "fx5", "fx5\fx5.csproj", "{5D6E6335-38B7-4207-A744-EBAF05A98805}"
EndProject
Project("{FAE04EC0-301F-11D3-BF4B-00C04F79EFBC}") = "fx6", "fx6\fx6.csproj", "{F61F554B-D84B-452A-8353-A884C0959069}"
EndProject
Project("{FAE04EC0-301F-11D3-BF4B-00C04F79EFBC}") = "mj1", "mj1\mj1.csproj", "{DF6425CE-E6A8-47FF-B7D2-EC7EA5048D53}"
EndProject
Project("{2150E333-8FDC-42A3-9474-1A3956D46DE8}") = "other", "other", "{A3D85C0A-4C43-429D-9D1C-AE9FED22BE28}"
EndProject
Project("{9A19103F-16F7-4668-BE54-9A1E7A4F7556}") = "jiegou", "jiegou\jiegou.csproj", "{12096EB0-8D0D-48D1-B78B-5A8B430C7381}"
EndProject
Project("{2150E333-8FDC-42A3-9474-1A3956D46DE8}") = "委托Pro", "委托Pro", "{9D766E77-FFF1-4907-9A45-22C0654774B2}"
EndProject
Project("{FAE04EC0-301F-11D3-BF4B-00C04F79EFBC}") = "wt1", "wt1\wt1.csproj", "{9B57F363-E280-4338-B1EA-2D473D722406}"
EndProject
Project("{FAE04EC0-301F-11D3-BF4B-00C04F79EFBC}") = "Wt", "Wt\Wt.csproj", "{F53475B6-A83A-4F38-8743-76EE063F80AA}"
EndProject
Project("{FAE04EC0-301F-11D3-BF4B-00C04F79EFBC}") = "wt2", "wt2\wt2.csproj", "{4C32EAC5-177D-4767-9024-4ADAEBC76002}"
EndProject
Project("{2150E333-8FDC-42A3-9474-1A3956D46DE8}") = "lanbda", "lanbda", "{8526214F-F2C2-4EE4-96E2-E56AF0F80021}"
EndProject
Project("{FAE04EC0-301F-11D3-BF4B-00C04F79EFBC}") = "l1", "l1\l1.csproj", "{836B573C-4570-4E0D-884F-3DFC194B8DC9}"
EndProject
Project("{FAE04EC0-301F-11D3-BF4B-00C04F79EFBC}") = "l2", "l2\l2.csproj", "{AD3B4057-721F-430C-B079-751E7331C45D}"
EndProject
Project("{2150E333-8FDC-42A3-9474-1A3956D46DE8}") = "LinQ", "LinQ", "{ED0953EA-50B5-4678-829C-5FB102303C27}"
EndProject
Project("{FAE04EC0-301F-11D3-BF4B-00C04F79EFBC}") = "romd", "romd\romd.csproj", "{461BFCCB-61EF-46DF-A87F-372055CA9A37}"
EndProject
Project("{2150E333-8FDC-42A3-9474-1A3956D46DE8}") = "基础", "基础", "{89C2B73D-B08D-434D-ABEB-98A4FA9CA7F0}"
EndProject
Project("{2150E333-8FDC-42A3-9474-1A3956D46DE8}") = "net core", "net core", "{6E84E59F-894D-428A-BA5A-82B85FB98914}"
EndProject
Project("{2150E333-8FDC-42A3-9474-1A3956D46DE8}") = "Nuget", "Nuget", "{B6E9DDC4-C32C-4806-9BEB-D9992DCECBA5}"
EndProject
Project("{9A19103F-16F7-4668-BE54-9A1E7A4F7556}") = "ConsoleApp3", "ConsoleApp3\ConsoleApp3.csproj", "{B803ECF1-2D2F-4FB9-AB5E-AF5B77B3EB88}"
EndProject
Project("{2150E333-8FDC-42A3-9474-1A3956D46DE8}") = "异步", "异步", "{DA93392C-574A-4B6B-A783-9140248381EB}"
EndProject
Project("{9A19103F-16F7-4668-BE54-9A1E7A4F7556}") = "awtiasyncl", "awtiasyncl\awtiasyncl.csproj", "{FB981734-CAB8-4E19-9109-7E8501B0655E}"
EndProject
Project("{9A19103F-16F7-4668-BE54-9A1E7A4F7556}") = "async1", "async1\async1.csproj", "{720A1FD6-848A-498F-8790-87836C2CE551}"
EndProject
Project("{2150E333-8FDC-42A3-9474-1A3956D46DE8}") = "Thread", "Thread", "{72E7D971-5A9C-4FFC-B32B-F5A33889DB54}"
EndProject
Project("{9A19103F-16F7-4668-BE54-9A1E7A4F7556}") = "t1", "t1\t1.csproj", "{DA4DD673-2459-4EE6-AEB7-60E3560B63AD}"
EndProject
Project("{9A19103F-16F7-4668-BE54-9A1E7A4F7556}") = "t2", "t2\t2.csproj", "{07BB9443-C26C-4FB0-9B41-0E15A2A99020}"
EndProject
Project("{9A19103F-16F7-4668-BE54-9A1E7A4F7556}") = "t3", "t3\t3.csproj", "{7E6FA388-F01D-43AC-954E-0AE9136F7429}"
EndProject
Project("{9A19103F-16F7-4668-BE54-9A1E7A4F7556}") = "t4", "t4\t4.csproj", "{C7324B67-8207-4E18-A551-E9530AA49B7D}"
EndProject
Project("{9A19103F-16F7-4668-BE54-9A1E7A4F7556}") = "wt+as", "wt+as\wt+as.csproj", "{6046C670-310F-4D4C-B80E-4564A2075A8E}"
EndProject
Project("{9A19103F-16F7-4668-BE54-9A1E7A4F7556}") = "async2", "async2\async2.csproj", "{182347D6-6E95-4954-9C88-559EC6D738BD}"
EndProject
Project("{9A19103F-16F7-4668-BE54-9A1E7A4F7556}") = "async4", "async4\async4.csproj", "{5F5639C6-83FC-491D-B79C-BF2A444C1892}"
EndProject
Project("{2150E333-8FDC-42A3-9474-1A3956D46DE8}") = "多线程", "多线程", "{4F3A08B8-774C-4140-86E8-1E9E70CD8577}"
EndProject
Project("{9A19103F-16F7-4668-BE54-9A1E7A4F7556}") = "dxc1", "dxc1\dxc1.csproj", "{CC028B0E-52B9-47B8-9A04-3B6A9A469780}"
EndProject
Project("{9A19103F-16F7-4668-BE54-9A1E7A4F7556}") = "dxc2", "dxc2\dxc2.csproj", "{697044E8-1F10-46AE-BCEB-2EDD0023C338}"
EndProject
Project("{9A19103F-16F7-4668-BE54-9A1E7A4F7556}") = "dxc3", "dxc3\dxc3.csproj", "{6A3AA0E0-AF11-4D8A-9C45-F4630CA5F92F}"
EndProject
Project("{9A19103F-16F7-4668-BE54-9A1E7A4F7556}") = "dxc3-plus", "dxc3-plus\dxc3-plus.csproj", "{033787EE-7F28-47F5-B8F5-5F13B96290ED}"
EndProject
Project("{9A19103F-16F7-4668-BE54-9A1E7A4F7556}") = "dxc4", "dxc4\dxc4.csproj", "{3ECAACD5-3568-4FD8-A344-5E0A085C9B76}"
EndProject
Project("{9A19103F-16F7-4668-BE54-9A1E7A4F7556}") = "dxc5", "dxc5\dxc5.csproj", "{F4074445-AB88-406D-B4C0-F4CAC6BD5034}"
EndProject
Project("{2150E333-8FDC-42A3-9474-1A3956D46DE8}") = "Thread", "Thread", "{B57AE022-0DB9-4283-948C-107F5424BA0D}"
EndProject
Project("{2150E333-8FDC-42A3-9474-1A3956D46DE8}") = "ThreadPool", "ThreadPool", "{B5EA9917-8040-4816-9A7A-77357586B2BE}"
EndProject
Project("{9A19103F-16F7-4668-BE54-9A1E7A4F7556}") = "cp1", "cp1\cp1.csproj", "{E7C2ABAC-1D95-4F13-AFC0-863AB4DAA50A}"
EndProject
Project("{2150E333-8FDC-42A3-9474-1A3956D46DE8}") = "TAsk", "TAsk", "{649BFD02-2271-4C81-A72E-AC739CB0F95D}"
EndProject
Project("{9A19103F-16F7-4668-BE54-9A1E7A4F7556}") = "ta1", "ta1\ta1.csproj", "{743BDFA9-0C13-4B8D-8B12-D77921BB2252}"
EndProject
Project("{9A19103F-16F7-4668-BE54-9A1E7A4F7556}") = "task2", "task2\task2.csproj", "{E797BBB3-3DBD-4851-BCCE-ABC178875DB6}"
EndProject
Project("{9A19103F-16F7-4668-BE54-9A1E7A4F7556}") = "task3", "task3\task3.csproj", "{9F9BA96C-8A5E-476D-9F9C-B31291152D58}"
EndProject
Project("{9A19103F-16F7-4668-BE54-9A1E7A4F7556}") = "task4", "task4\task4.csproj", "{F49D220C-635B-4401-88A6-5942316D05E2}"
EndProject
Project("{9A19103F-16F7-4668-BE54-9A1E7A4F7556}") = "异步不等于多线程", "异步不等于多线程\异步不等于多线程.csproj", "{8C53F3DF-9400-4171-9FEB-10BD26B8CB68}"
EndProject
Project("{9A19103F-16F7-4668-BE54-9A1E7A4F7556}") = "没有返回值的异步方法", "没有返回值的异步方法\没有返回值的异步方法.csproj", "{4DADDAA3-C6E2-4134-9499-325889B3147F}"
EndProject
Project("{9A19103F-16F7-4668-BE54-9A1E7A4F7556}") = "异步", "异步\异步.csproj", "{C1FB84D0-F8D4-4345-842C-D941AB27C983}"
EndProject
Project("{9A19103F-16F7-4668-BE54-9A1E7A4F7556}") = "取消", "取消\取消.csproj", "{D28FBFC1-B8AB-4FE0-9EFB-B422EA5F3393}"
EndProject
Project("{9A19103F-16F7-4668-BE54-9A1E7A4F7556}") = "when", "when\when.csproj", "{BAB8D4EB-7DDD-47D6-903D-DB6785F2EEB0}"
EndProject
Project("{2150E333-8FDC-42A3-9474-1A3956D46DE8}") = "linq", "linq", "{E3ED627A-6A45-451D-8C3F-2AA6588A54B3}"
EndProject
Project("{9A19103F-16F7-4668-BE54-9A1E7A4F7556}") = "wtT1", "wtT1\wtT1.csproj", "{C9AFF11E-9C26-4A59-949B-F4EEF097C092}"
EndProject
Project("{9A19103F-16F7-4668-BE54-9A1E7A4F7556}") = "lamada", "lamada\lamada.csproj", "{697E9EBC-CF16-4F57-BAC3-1D3AD20326DD}"
EndProject
Project("{9A19103F-16F7-4668-BE54-9A1E7A4F7556}") = "lq1", "lq1\lq1.csproj", "{F2B1895D-5951-4360-9E06-A8CF1D3A2D34}"
EndProject
Project("{9A19103F-16F7-4668-BE54-9A1E7A4F7556}") = "LQ2", "LQ2\LQ2.csproj", "{4088FFDD-6096-4701-9195-49390749B71E}"
EndProject
Project("{9A19103F-16F7-4668-BE54-9A1E7A4F7556}") = "lq3", "lq3\lq3.csproj", "{290E05EB-6890-4354-B5E1-0E88EC421A53}"
EndProject
Project("{2150E333-8FDC-42A3-9474-1A3956D46DE8}") = "ioc", "ioc", "{D682414E-3EC2-466D-B486-3FEBCFFF4A85}"
EndProject
Project("{9A19103F-16F7-4668-BE54-9A1E7A4F7556}") = "ioc1", "ioc1\ioc1.csproj", "{717AC18F-44B3-49B0-B172-555A14850CD4}"
EndProject
Project("{9A19103F-16F7-4668-BE54-9A1E7A4F7556}") = "ioc2", "ioc2\ioc2.csproj", "{03D33D27-07E4-47E3-989D-93051D62EA55}"
EndProject
Project("{2150E333-8FDC-42A3-9474-1A3956D46DE8}") = "反射", "反射", "{20213217-5505-4AF2-9093-85D1156D7C16}"
EndProject
Project("{9A19103F-16F7-4668-BE54-9A1E7A4F7556}") = "fs1", "fs1\fs1.csproj", "{B0F7CA4B-E796-47D3-A9B5-ACA12F3F0669}"
EndProject
Project("{9A19103F-16F7-4668-BE54-9A1E7A4F7556}") = "fs2", "fs2\fs2.csproj", "{EF9700EB-4B04-4B6A-A9E3-5A3F08274A9C}"
EndProject
Project("{9A19103F-16F7-4668-BE54-9A1E7A4F7556}") = "DI1", "DI1\DI1.csproj", "{59586EBD-54CA-41F4-A929-235565247D71}"
EndProject
Project("{2150E333-8FDC-42A3-9474-1A3956D46DE8}") = "DIP", "DIP", "{A13836C1-1562-459F-997B-9DABCDAA5C09}"
EndProject
Project("{9A19103F-16F7-4668-BE54-9A1E7A4F7556}") = "ConsoleAppMail", "ConsoleAppMail\ConsoleAppMail.csproj", "{68EF2F06-3DA5-459C-91EB-4125E045C2AF}"
EndProject
Project("{9A19103F-16F7-4668-BE54-9A1E7A4F7556}") = "LogServices", "LogServices\LogServices.csproj", "{E67711A9-9403-4C12-B28A-07C5357E9E83}"
EndProject
Project("{9A19103F-16F7-4668-BE54-9A1E7A4F7556}") = "MailService", "MailService\MailService.csproj", "{9AA2BBE7-26D3-4784-95C7-438654F8430D}"
EndProject
Project("{9A19103F-16F7-4668-BE54-9A1E7A4F7556}") = "ConfigService", "ConfigService\ConfigService.csproj", "{B564BA03-457E-4E40-9078-AC917BB5D14F}"
EndProject
Project("{2150E333-8FDC-42A3-9474-1A3956D46DE8}") = "配置文件", "配置文件", "{0219CBF3-277E-40A2-B623-4B9322531A5F}"
EndProject
Project("{9A19103F-16F7-4668-BE54-9A1E7A4F7556}") = "Json", "Json\Json.csproj", "{0B1DEA58-78A4-44AC-B9C4-F0314FF37AFE}"
EndProject
Project("{2150E333-8FDC-42A3-9474-1A3956D46DE8}") = "config1", "config1", "{2C8BCF64-FEAF-4D15-BC55-736252012A48}"
EndProject
Project("{9A19103F-16F7-4668-BE54-9A1E7A4F7556}") = "config2", "config2\config2.csproj", "{905B7CFA-FC1C-4BC1-AEE5-159317516B2B}"
EndProject
Project("{9A19103F-16F7-4668-BE54-9A1E7A4F7556}") = "Log", "Log\Log.csproj", "{C689FD23-79AE-441E-906F-DBD9F654CE1C}"
EndProject
Project("{2150E333-8FDC-42A3-9474-1A3956D46DE8}") = "Log", "Log", "{143F12B6-1C1D-49FC-9394-8B2B666A4440}"
EndProject
Project("{9A19103F-16F7-4668-BE54-9A1E7A4F7556}") = "EFCore", "EFCore\EFCore.csproj", "{5D8D40B3-23BD-481C-90F4-D278F2E1F643}"
EndProject
Project("{2150E333-8FDC-42A3-9474-1A3956D46DE8}") = "EF", "EF", "{AD5B0C26-48D4-4BC6-8239-B3BFB9D582F5}"
EndProject
Project("{2150E333-8FDC-42A3-9474-1A3956D46DE8}") = "基础", "基础", "{B3C96B40-CF4F-41A5-965D-F82C4C891F62}"
EndProject
Project("{9A19103F-16F7-4668-BE54-9A1E7A4F7556}") = "EFcore1", "EFcore1\EFcore1.csproj", "{6A753BD6-09FB-43A9-B4E0-20A9A43F1023}"
EndProject
Project("{9A19103F-16F7-4668-BE54-9A1E7A4F7556}") = "Json1", "Json1\Json1.csproj", "{5CAD8669-9B88-4320-9FC8-6819FC4FFDC0}"
EndProject
Project("{2150E333-8FDC-42A3-9474-1A3956D46DE8}") = "反向", "反向", "{C50CC267-A19E-4DC7-9CC8-62F82214F3FC}"
EndProject
Project("{9A19103F-16F7-4668-BE54-9A1E7A4F7556}") = "EFcore3", "efcore3\EFcore3.csproj", "{209B6BB0-E898-4FCB-8112-E37C40A360F8}"
EndProject
Project("{2150E333-8FDC-42A3-9474-1A3956D46DE8}") = "一对多", "一对多", "{154388BA-B302-4EEB-B302-16C344B4F710}"
EndProject
Project("{9A19103F-16F7-4668-BE54-9A1E7A4F7556}") = "EF3", "EF3\EF3.csproj", "{66D9EC50-7FE0-47D3-B13E-BD01603965EE}"
EndProject
Project("{9A19103F-16F7-4668-BE54-9A1E7A4F7556}") = "EF4", "EF4\EF4.csproj", "{414A795F-5E0F-4AC1-B991-80F07609AAF5}"
EndProject
Project("{2150E333-8FDC-42A3-9474-1A3956D46DE8}") = "自引用", "自引用", "{072C3234-8D6C-485C-8D2D-BE6C41622318}"
EndProject
Project("{9A19103F-16F7-4668-BE54-9A1E7A4F7556}") = "EF5", "EF5\EF5.csproj", "{B69732A8-3A82-435C-97E6-BCCF4094420A}"
EndProject
Project("{2150E333-8FDC-42A3-9474-1A3956D46DE8}") = "一对一", "一对一", "{191B45AB-6E62-4E2A-9726-1AE84B5902A6}"
EndProject
Project("{9A19103F-16F7-4668-BE54-9A1E7A4F7556}") = "EF7", "EF7\EF7.csproj", "{F7B97C54-3E4E-4FC7-9991-000E17E40D97}"
EndProject
Project("{2150E333-8FDC-42A3-9474-1A3956D46DE8}") = "多对多", "多对多", "{32B45D74-879F-4815-B17F-EBCFB3F89C10}"
EndProject
Project("{9A19103F-16F7-4668-BE54-9A1E7A4F7556}") = "EF8", "EF8\EF8.csproj", "{8603BD9F-6884-4D5C-B475-65BA31B115B6}"
EndProject
Global
	GlobalSection(SolutionConfigurationPlatforms) = preSolution
		Debug|Any CPU = Debug|Any CPU
		Release|Any CPU = Release|Any CPU
	EndGlobalSection
	GlobalSection(ProjectConfigurationPlatforms) = postSolution
		{97A8A76E-D059-45A8-AD3D-08F0CA1D98BF}.Debug|Any CPU.ActiveCfg = Debug|Any CPU
		{97A8A76E-D059-45A8-AD3D-08F0CA1D98BF}.Debug|Any CPU.Build.0 = Debug|Any CPU
		{97A8A76E-D059-45A8-AD3D-08F0CA1D98BF}.Release|Any CPU.ActiveCfg = Release|Any CPU
		{97A8A76E-D059-45A8-AD3D-08F0CA1D98BF}.Release|Any CPU.Build.0 = Release|Any CPU
		{44EF367A-DEA0-46BB-BD41-B712BDC4551E}.Debug|Any CPU.ActiveCfg = Debug|Any CPU
		{44EF367A-DEA0-46BB-BD41-B712BDC4551E}.Debug|Any CPU.Build.0 = Debug|Any CPU
		{44EF367A-DEA0-46BB-BD41-B712BDC4551E}.Release|Any CPU.ActiveCfg = Release|Any CPU
		{44EF367A-DEA0-46BB-BD41-B712BDC4551E}.Release|Any CPU.Build.0 = Release|Any CPU
		{D12B0687-B7A0-40F2-988A-BDF7547C83E8}.Debug|Any CPU.ActiveCfg = Debug|Any CPU
		{D12B0687-B7A0-40F2-988A-BDF7547C83E8}.Debug|Any CPU.Build.0 = Debug|Any CPU
		{D12B0687-B7A0-40F2-988A-BDF7547C83E8}.Release|Any CPU.ActiveCfg = Release|Any CPU
		{D12B0687-B7A0-40F2-988A-BDF7547C83E8}.Release|Any CPU.Build.0 = Release|Any CPU
		{198E07B3-CF9C-4ED0-BDB7-E2696CE4689A}.Debug|Any CPU.ActiveCfg = Debug|Any CPU
		{198E07B3-CF9C-4ED0-BDB7-E2696CE4689A}.Debug|Any CPU.Build.0 = Debug|Any CPU
		{198E07B3-CF9C-4ED0-BDB7-E2696CE4689A}.Release|Any CPU.ActiveCfg = Release|Any CPU
		{198E07B3-CF9C-4ED0-BDB7-E2696CE4689A}.Release|Any CPU.Build.0 = Release|Any CPU
		{6A96CE45-B000-4BA1-9558-0A16A936EEFA}.Debug|Any CPU.ActiveCfg = Debug|Any CPU
		{6A96CE45-B000-4BA1-9558-0A16A936EEFA}.Debug|Any CPU.Build.0 = Debug|Any CPU
		{6A96CE45-B000-4BA1-9558-0A16A936EEFA}.Release|Any CPU.ActiveCfg = Release|Any CPU
		{6A96CE45-B000-4BA1-9558-0A16A936EEFA}.Release|Any CPU.Build.0 = Release|Any CPU
		{8E36FA0D-2BE8-4898-832B-0C3656973534}.Debug|Any CPU.ActiveCfg = Debug|Any CPU
		{8E36FA0D-2BE8-4898-832B-0C3656973534}.Debug|Any CPU.Build.0 = Debug|Any CPU
		{8E36FA0D-2BE8-4898-832B-0C3656973534}.Release|Any CPU.ActiveCfg = Release|Any CPU
		{8E36FA0D-2BE8-4898-832B-0C3656973534}.Release|Any CPU.Build.0 = Release|Any CPU
		{DBB15A9C-652E-4610-A7BC-593FB320899B}.Debug|Any CPU.ActiveCfg = Debug|Any CPU
		{DBB15A9C-652E-4610-A7BC-593FB320899B}.Debug|Any CPU.Build.0 = Debug|Any CPU
		{DBB15A9C-652E-4610-A7BC-593FB320899B}.Release|Any CPU.ActiveCfg = Release|Any CPU
		{DBB15A9C-652E-4610-A7BC-593FB320899B}.Release|Any CPU.Build.0 = Release|Any CPU
		{0EB14E7B-464C-44BD-882B-903DA2345E70}.Debug|Any CPU.ActiveCfg = Debug|Any CPU
		{0EB14E7B-464C-44BD-882B-903DA2345E70}.Debug|Any CPU.Build.0 = Debug|Any CPU
		{0EB14E7B-464C-44BD-882B-903DA2345E70}.Release|Any CPU.ActiveCfg = Release|Any CPU
		{0EB14E7B-464C-44BD-882B-903DA2345E70}.Release|Any CPU.Build.0 = Release|Any CPU
		{16AC84C5-22AD-43FF-8650-084B516338D4}.Debug|Any CPU.ActiveCfg = Debug|Any CPU
		{16AC84C5-22AD-43FF-8650-084B516338D4}.Debug|Any CPU.Build.0 = Debug|Any CPU
		{16AC84C5-22AD-43FF-8650-084B516338D4}.Release|Any CPU.ActiveCfg = Release|Any CPU
		{16AC84C5-22AD-43FF-8650-084B516338D4}.Release|Any CPU.Build.0 = Release|Any CPU
		{6E0C80B6-2218-4C64-BA0A-1968177B290F}.Debug|Any CPU.ActiveCfg = Debug|Any CPU
		{6E0C80B6-2218-4C64-BA0A-1968177B290F}.Debug|Any CPU.Build.0 = Debug|Any CPU
		{6E0C80B6-2218-4C64-BA0A-1968177B290F}.Release|Any CPU.ActiveCfg = Release|Any CPU
		{6E0C80B6-2218-4C64-BA0A-1968177B290F}.Release|Any CPU.Build.0 = Release|Any CPU
		{7908CA20-4396-4A04-8D34-29F04E825934}.Debug|Any CPU.ActiveCfg = Debug|Any CPU
		{7908CA20-4396-4A04-8D34-29F04E825934}.Debug|Any CPU.Build.0 = Debug|Any CPU
		{7908CA20-4396-4A04-8D34-29F04E825934}.Release|Any CPU.ActiveCfg = Release|Any CPU
		{7908CA20-4396-4A04-8D34-29F04E825934}.Release|Any CPU.Build.0 = Release|Any CPU
		{3FF594DB-F1C9-417B-8A01-9A95CF1D25C8}.Debug|Any CPU.ActiveCfg = Debug|Any CPU
		{3FF594DB-F1C9-417B-8A01-9A95CF1D25C8}.Debug|Any CPU.Build.0 = Debug|Any CPU
		{3FF594DB-F1C9-417B-8A01-9A95CF1D25C8}.Release|Any CPU.ActiveCfg = Release|Any CPU
		{3FF594DB-F1C9-417B-8A01-9A95CF1D25C8}.Release|Any CPU.Build.0 = Release|Any CPU
		{14E5FC94-4327-4F73-901D-7D5CD00F43A2}.Debug|Any CPU.ActiveCfg = Debug|Any CPU
		{14E5FC94-4327-4F73-901D-7D5CD00F43A2}.Debug|Any CPU.Build.0 = Debug|Any CPU
		{14E5FC94-4327-4F73-901D-7D5CD00F43A2}.Release|Any CPU.ActiveCfg = Release|Any CPU
		{14E5FC94-4327-4F73-901D-7D5CD00F43A2}.Release|Any CPU.Build.0 = Release|Any CPU
		{FAF58828-8AB5-47D5-ACBD-D00EB9AD17E1}.Debug|Any CPU.ActiveCfg = Debug|Any CPU
		{FAF58828-8AB5-47D5-ACBD-D00EB9AD17E1}.Debug|Any CPU.Build.0 = Debug|Any CPU
		{FAF58828-8AB5-47D5-ACBD-D00EB9AD17E1}.Release|Any CPU.ActiveCfg = Release|Any CPU
		{FAF58828-8AB5-47D5-ACBD-D00EB9AD17E1}.Release|Any CPU.Build.0 = Release|Any CPU
		{C8540E59-E1F1-4D83-8DA9-8B045475D484}.Debug|Any CPU.ActiveCfg = Debug|Any CPU
		{C8540E59-E1F1-4D83-8DA9-8B045475D484}.Debug|Any CPU.Build.0 = Debug|Any CPU
		{C8540E59-E1F1-4D83-8DA9-8B045475D484}.Release|Any CPU.ActiveCfg = Release|Any CPU
		{C8540E59-E1F1-4D83-8DA9-8B045475D484}.Release|Any CPU.Build.0 = Release|Any CPU
		{2AE07B10-9578-4142-A6F7-EBFFC5868601}.Debug|Any CPU.ActiveCfg = Debug|Any CPU
		{2AE07B10-9578-4142-A6F7-EBFFC5868601}.Debug|Any CPU.Build.0 = Debug|Any CPU
		{2AE07B10-9578-4142-A6F7-EBFFC5868601}.Release|Any CPU.ActiveCfg = Release|Any CPU
		{2AE07B10-9578-4142-A6F7-EBFFC5868601}.Release|Any CPU.Build.0 = Release|Any CPU
		{50B426AF-FC58-462A-A0EF-5AAA89912918}.Debug|Any CPU.ActiveCfg = Debug|Any CPU
		{50B426AF-FC58-462A-A0EF-5AAA89912918}.Debug|Any CPU.Build.0 = Debug|Any CPU
		{50B426AF-FC58-462A-A0EF-5AAA89912918}.Release|Any CPU.ActiveCfg = Release|Any CPU
		{50B426AF-FC58-462A-A0EF-5AAA89912918}.Release|Any CPU.Build.0 = Release|Any CPU
		{3F95F531-F999-4E32-BB87-D5A35E5D4BFB}.Debug|Any CPU.ActiveCfg = Debug|Any CPU
		{3F95F531-F999-4E32-BB87-D5A35E5D4BFB}.Debug|Any CPU.Build.0 = Debug|Any CPU
		{3F95F531-F999-4E32-BB87-D5A35E5D4BFB}.Release|Any CPU.ActiveCfg = Release|Any CPU
		{3F95F531-F999-4E32-BB87-D5A35E5D4BFB}.Release|Any CPU.Build.0 = Release|Any CPU
		{A43316DD-BD00-4D67-8055-E1989A11E86D}.Debug|Any CPU.ActiveCfg = Debug|Any CPU
		{A43316DD-BD00-4D67-8055-E1989A11E86D}.Debug|Any CPU.Build.0 = Debug|Any CPU
		{A43316DD-BD00-4D67-8055-E1989A11E86D}.Release|Any CPU.ActiveCfg = Release|Any CPU
		{A43316DD-BD00-4D67-8055-E1989A11E86D}.Release|Any CPU.Build.0 = Release|Any CPU
		{C5706DF9-7490-44B9-B8FD-0053AB0DDBFE}.Debug|Any CPU.ActiveCfg = Debug|Any CPU
		{C5706DF9-7490-44B9-B8FD-0053AB0DDBFE}.Debug|Any CPU.Build.0 = Debug|Any CPU
		{C5706DF9-7490-44B9-B8FD-0053AB0DDBFE}.Release|Any CPU.ActiveCfg = Release|Any CPU
		{C5706DF9-7490-44B9-B8FD-0053AB0DDBFE}.Release|Any CPU.Build.0 = Release|Any CPU
		{A0A62E86-443A-40A6-AE05-2EEF651E7C31}.Debug|Any CPU.ActiveCfg = Debug|Any CPU
		{A0A62E86-443A-40A6-AE05-2EEF651E7C31}.Debug|Any CPU.Build.0 = Debug|Any CPU
		{A0A62E86-443A-40A6-AE05-2EEF651E7C31}.Release|Any CPU.ActiveCfg = Release|Any CPU
		{A0A62E86-443A-40A6-AE05-2EEF651E7C31}.Release|Any CPU.Build.0 = Release|Any CPU
		{F4792836-BD45-4C6F-A90A-90561D282101}.Debug|Any CPU.ActiveCfg = Debug|Any CPU
		{F4792836-BD45-4C6F-A90A-90561D282101}.Debug|Any CPU.Build.0 = Debug|Any CPU
		{F4792836-BD45-4C6F-A90A-90561D282101}.Release|Any CPU.ActiveCfg = Release|Any CPU
		{F4792836-BD45-4C6F-A90A-90561D282101}.Release|Any CPU.Build.0 = Release|Any CPU
		{C74115AD-11F9-41D4-940F-856E2A0D6A7C}.Debug|Any CPU.ActiveCfg = Debug|Any CPU
		{C74115AD-11F9-41D4-940F-856E2A0D6A7C}.Debug|Any CPU.Build.0 = Debug|Any CPU
		{C74115AD-11F9-41D4-940F-856E2A0D6A7C}.Release|Any CPU.ActiveCfg = Release|Any CPU
		{C74115AD-11F9-41D4-940F-856E2A0D6A7C}.Release|Any CPU.Build.0 = Release|Any CPU
		{1AF8BDA2-1A1F-4B6B-AE85-367F10162A8C}.Debug|Any CPU.ActiveCfg = Debug|Any CPU
		{1AF8BDA2-1A1F-4B6B-AE85-367F10162A8C}.Debug|Any CPU.Build.0 = Debug|Any CPU
		{1AF8BDA2-1A1F-4B6B-AE85-367F10162A8C}.Release|Any CPU.ActiveCfg = Release|Any CPU
		{1AF8BDA2-1A1F-4B6B-AE85-367F10162A8C}.Release|Any CPU.Build.0 = Release|Any CPU
		{D0F9EBE0-4992-4950-82FB-A5B27F29ED24}.Debug|Any CPU.ActiveCfg = Debug|Any CPU
		{D0F9EBE0-4992-4950-82FB-A5B27F29ED24}.Debug|Any CPU.Build.0 = Debug|Any CPU
		{D0F9EBE0-4992-4950-82FB-A5B27F29ED24}.Release|Any CPU.ActiveCfg = Release|Any CPU
		{D0F9EBE0-4992-4950-82FB-A5B27F29ED24}.Release|Any CPU.Build.0 = Release|Any CPU
		{4EDB08CB-7EEF-4F5E-BFA5-779471397EB6}.Debug|Any CPU.ActiveCfg = Debug|Any CPU
		{4EDB08CB-7EEF-4F5E-BFA5-779471397EB6}.Debug|Any CPU.Build.0 = Debug|Any CPU
		{4EDB08CB-7EEF-4F5E-BFA5-779471397EB6}.Release|Any CPU.ActiveCfg = Release|Any CPU
		{4EDB08CB-7EEF-4F5E-BFA5-779471397EB6}.Release|Any CPU.Build.0 = Release|Any CPU
		{AEB9D6A6-6D59-4F6F-A213-F3720F595CD0}.Debug|Any CPU.ActiveCfg = Debug|Any CPU
		{AEB9D6A6-6D59-4F6F-A213-F3720F595CD0}.Debug|Any CPU.Build.0 = Debug|Any CPU
		{AEB9D6A6-6D59-4F6F-A213-F3720F595CD0}.Release|Any CPU.ActiveCfg = Release|Any CPU
		{AEB9D6A6-6D59-4F6F-A213-F3720F595CD0}.Release|Any CPU.Build.0 = Release|Any CPU
		{44E741A4-7C62-4B26-BAD1-B2AA30AF6414}.Debug|Any CPU.ActiveCfg = Debug|Any CPU
		{44E741A4-7C62-4B26-BAD1-B2AA30AF6414}.Debug|Any CPU.Build.0 = Debug|Any CPU
		{44E741A4-7C62-4B26-BAD1-B2AA30AF6414}.Release|Any CPU.ActiveCfg = Release|Any CPU
		{44E741A4-7C62-4B26-BAD1-B2AA30AF6414}.Release|Any CPU.Build.0 = Release|Any CPU
		{4C84D422-E56B-46C1-9D8C-DCA0093F8F9C}.Debug|Any CPU.ActiveCfg = Debug|Any CPU
		{4C84D422-E56B-46C1-9D8C-DCA0093F8F9C}.Debug|Any CPU.Build.0 = Debug|Any CPU
		{4C84D422-E56B-46C1-9D8C-DCA0093F8F9C}.Release|Any CPU.ActiveCfg = Release|Any CPU
		{4C84D422-E56B-46C1-9D8C-DCA0093F8F9C}.Release|Any CPU.Build.0 = Release|Any CPU
		{3202FBE9-1805-4FCB-B663-3D847714B7E2}.Debug|Any CPU.ActiveCfg = Debug|Any CPU
		{3202FBE9-1805-4FCB-B663-3D847714B7E2}.Debug|Any CPU.Build.0 = Debug|Any CPU
		{3202FBE9-1805-4FCB-B663-3D847714B7E2}.Release|Any CPU.ActiveCfg = Release|Any CPU
		{3202FBE9-1805-4FCB-B663-3D847714B7E2}.Release|Any CPU.Build.0 = Release|Any CPU
		{F1F4BE53-770A-4B5B-9AEA-9E8722E38C9D}.Debug|Any CPU.ActiveCfg = Debug|Any CPU
		{F1F4BE53-770A-4B5B-9AEA-9E8722E38C9D}.Debug|Any CPU.Build.0 = Debug|Any CPU
		{F1F4BE53-770A-4B5B-9AEA-9E8722E38C9D}.Release|Any CPU.ActiveCfg = Release|Any CPU
		{F1F4BE53-770A-4B5B-9AEA-9E8722E38C9D}.Release|Any CPU.Build.0 = Release|Any CPU
		{C41EF887-A304-478F-ADD8-3A4CCA05AD04}.Debug|Any CPU.ActiveCfg = Debug|Any CPU
		{C41EF887-A304-478F-ADD8-3A4CCA05AD04}.Debug|Any CPU.Build.0 = Debug|Any CPU
		{C41EF887-A304-478F-ADD8-3A4CCA05AD04}.Release|Any CPU.ActiveCfg = Release|Any CPU
		{C41EF887-A304-478F-ADD8-3A4CCA05AD04}.Release|Any CPU.Build.0 = Release|Any CPU
		{41AD0FFF-6CEE-498D-94A8-D6115D6E965F}.Debug|Any CPU.ActiveCfg = Debug|Any CPU
		{41AD0FFF-6CEE-498D-94A8-D6115D6E965F}.Debug|Any CPU.Build.0 = Debug|Any CPU
		{41AD0FFF-6CEE-498D-94A8-D6115D6E965F}.Release|Any CPU.ActiveCfg = Release|Any CPU
		{41AD0FFF-6CEE-498D-94A8-D6115D6E965F}.Release|Any CPU.Build.0 = Release|Any CPU
		{1BF25B55-1C74-40DB-A5C1-B92D0AF79B24}.Debug|Any CPU.ActiveCfg = Debug|Any CPU
		{1BF25B55-1C74-40DB-A5C1-B92D0AF79B24}.Debug|Any CPU.Build.0 = Debug|Any CPU
		{1BF25B55-1C74-40DB-A5C1-B92D0AF79B24}.Release|Any CPU.ActiveCfg = Release|Any CPU
		{1BF25B55-1C74-40DB-A5C1-B92D0AF79B24}.Release|Any CPU.Build.0 = Release|Any CPU
		{255D7AFF-FA19-4E79-84ED-04846C7FD7F6}.Debug|Any CPU.ActiveCfg = Debug|Any CPU
		{255D7AFF-FA19-4E79-84ED-04846C7FD7F6}.Debug|Any CPU.Build.0 = Debug|Any CPU
		{255D7AFF-FA19-4E79-84ED-04846C7FD7F6}.Release|Any CPU.ActiveCfg = Release|Any CPU
		{255D7AFF-FA19-4E79-84ED-04846C7FD7F6}.Release|Any CPU.Build.0 = Release|Any CPU
		{295F52C8-34AF-4621-BE12-BFA8AFC6D416}.Debug|Any CPU.ActiveCfg = Debug|Any CPU
		{295F52C8-34AF-4621-BE12-BFA8AFC6D416}.Debug|Any CPU.Build.0 = Debug|Any CPU
		{295F52C8-34AF-4621-BE12-BFA8AFC6D416}.Release|Any CPU.ActiveCfg = Release|Any CPU
		{295F52C8-34AF-4621-BE12-BFA8AFC6D416}.Release|Any CPU.Build.0 = Release|Any CPU
		{6084DDE7-2E65-4E63-84EF-D09BBB7EEFFB}.Debug|Any CPU.ActiveCfg = Debug|Any CPU
		{6084DDE7-2E65-4E63-84EF-D09BBB7EEFFB}.Debug|Any CPU.Build.0 = Debug|Any CPU
		{6084DDE7-2E65-4E63-84EF-D09BBB7EEFFB}.Release|Any CPU.ActiveCfg = Release|Any CPU
		{6084DDE7-2E65-4E63-84EF-D09BBB7EEFFB}.Release|Any CPU.Build.0 = Release|Any CPU
		{BEE5981B-8319-4F2F-85CD-FBFD399B012D}.Debug|Any CPU.ActiveCfg = Debug|Any CPU
		{BEE5981B-8319-4F2F-85CD-FBFD399B012D}.Debug|Any CPU.Build.0 = Debug|Any CPU
		{BEE5981B-8319-4F2F-85CD-FBFD399B012D}.Release|Any CPU.ActiveCfg = Release|Any CPU
		{BEE5981B-8319-4F2F-85CD-FBFD399B012D}.Release|Any CPU.Build.0 = Release|Any CPU
		{716FC200-7F67-4692-AF10-522BC06A2B9A}.Debug|Any CPU.ActiveCfg = Debug|Any CPU
		{716FC200-7F67-4692-AF10-522BC06A2B9A}.Debug|Any CPU.Build.0 = Debug|Any CPU
		{716FC200-7F67-4692-AF10-522BC06A2B9A}.Release|Any CPU.ActiveCfg = Release|Any CPU
		{716FC200-7F67-4692-AF10-522BC06A2B9A}.Release|Any CPU.Build.0 = Release|Any CPU
		{5D6E6335-38B7-4207-A744-EBAF05A98805}.Debug|Any CPU.ActiveCfg = Debug|Any CPU
		{5D6E6335-38B7-4207-A744-EBAF05A98805}.Debug|Any CPU.Build.0 = Debug|Any CPU
		{5D6E6335-38B7-4207-A744-EBAF05A98805}.Release|Any CPU.ActiveCfg = Release|Any CPU
		{5D6E6335-38B7-4207-A744-EBAF05A98805}.Release|Any CPU.Build.0 = Release|Any CPU
		{F61F554B-D84B-452A-8353-A884C0959069}.Debug|Any CPU.ActiveCfg = Debug|Any CPU
		{F61F554B-D84B-452A-8353-A884C0959069}.Debug|Any CPU.Build.0 = Debug|Any CPU
		{F61F554B-D84B-452A-8353-A884C0959069}.Release|Any CPU.ActiveCfg = Release|Any CPU
		{F61F554B-D84B-452A-8353-A884C0959069}.Release|Any CPU.Build.0 = Release|Any CPU
		{DF6425CE-E6A8-47FF-B7D2-EC7EA5048D53}.Debug|Any CPU.ActiveCfg = Debug|Any CPU
		{DF6425CE-E6A8-47FF-B7D2-EC7EA5048D53}.Debug|Any CPU.Build.0 = Debug|Any CPU
		{DF6425CE-E6A8-47FF-B7D2-EC7EA5048D53}.Release|Any CPU.ActiveCfg = Release|Any CPU
		{DF6425CE-E6A8-47FF-B7D2-EC7EA5048D53}.Release|Any CPU.Build.0 = Release|Any CPU
		{12096EB0-8D0D-48D1-B78B-5A8B430C7381}.Debug|Any CPU.ActiveCfg = Debug|Any CPU
		{12096EB0-8D0D-48D1-B78B-5A8B430C7381}.Debug|Any CPU.Build.0 = Debug|Any CPU
		{12096EB0-8D0D-48D1-B78B-5A8B430C7381}.Release|Any CPU.ActiveCfg = Release|Any CPU
		{12096EB0-8D0D-48D1-B78B-5A8B430C7381}.Release|Any CPU.Build.0 = Release|Any CPU
		{9B57F363-E280-4338-B1EA-2D473D722406}.Debug|Any CPU.ActiveCfg = Debug|Any CPU
		{9B57F363-E280-4338-B1EA-2D473D722406}.Debug|Any CPU.Build.0 = Debug|Any CPU
		{9B57F363-E280-4338-B1EA-2D473D722406}.Release|Any CPU.ActiveCfg = Release|Any CPU
		{9B57F363-E280-4338-B1EA-2D473D722406}.Release|Any CPU.Build.0 = Release|Any CPU
		{F53475B6-A83A-4F38-8743-76EE063F80AA}.Debug|Any CPU.ActiveCfg = Debug|Any CPU
		{F53475B6-A83A-4F38-8743-76EE063F80AA}.Debug|Any CPU.Build.0 = Debug|Any CPU
		{F53475B6-A83A-4F38-8743-76EE063F80AA}.Release|Any CPU.ActiveCfg = Release|Any CPU
		{F53475B6-A83A-4F38-8743-76EE063F80AA}.Release|Any CPU.Build.0 = Release|Any CPU
		{4C32EAC5-177D-4767-9024-4ADAEBC76002}.Debug|Any CPU.ActiveCfg = Debug|Any CPU
		{4C32EAC5-177D-4767-9024-4ADAEBC76002}.Debug|Any CPU.Build.0 = Debug|Any CPU
		{4C32EAC5-177D-4767-9024-4ADAEBC76002}.Release|Any CPU.ActiveCfg = Release|Any CPU
		{4C32EAC5-177D-4767-9024-4ADAEBC76002}.Release|Any CPU.Build.0 = Release|Any CPU
		{836B573C-4570-4E0D-884F-3DFC194B8DC9}.Debug|Any CPU.ActiveCfg = Debug|Any CPU
		{836B573C-4570-4E0D-884F-3DFC194B8DC9}.Debug|Any CPU.Build.0 = Debug|Any CPU
		{836B573C-4570-4E0D-884F-3DFC194B8DC9}.Release|Any CPU.ActiveCfg = Release|Any CPU
		{836B573C-4570-4E0D-884F-3DFC194B8DC9}.Release|Any CPU.Build.0 = Release|Any CPU
		{AD3B4057-721F-430C-B079-751E7331C45D}.Debug|Any CPU.ActiveCfg = Debug|Any CPU
		{AD3B4057-721F-430C-B079-751E7331C45D}.Debug|Any CPU.Build.0 = Debug|Any CPU
		{AD3B4057-721F-430C-B079-751E7331C45D}.Release|Any CPU.ActiveCfg = Release|Any CPU
		{AD3B4057-721F-430C-B079-751E7331C45D}.Release|Any CPU.Build.0 = Release|Any CPU
		{461BFCCB-61EF-46DF-A87F-372055CA9A37}.Debug|Any CPU.ActiveCfg = Debug|Any CPU
		{461BFCCB-61EF-46DF-A87F-372055CA9A37}.Debug|Any CPU.Build.0 = Debug|Any CPU
		{461BFCCB-61EF-46DF-A87F-372055CA9A37}.Release|Any CPU.ActiveCfg = Release|Any CPU
		{461BFCCB-61EF-46DF-A87F-372055CA9A37}.Release|Any CPU.Build.0 = Release|Any CPU
		{B803ECF1-2D2F-4FB9-AB5E-AF5B77B3EB88}.Debug|Any CPU.ActiveCfg = Debug|Any CPU
		{B803ECF1-2D2F-4FB9-AB5E-AF5B77B3EB88}.Debug|Any CPU.Build.0 = Debug|Any CPU
		{B803ECF1-2D2F-4FB9-AB5E-AF5B77B3EB88}.Release|Any CPU.ActiveCfg = Release|Any CPU
		{B803ECF1-2D2F-4FB9-AB5E-AF5B77B3EB88}.Release|Any CPU.Build.0 = Release|Any CPU
		{FB981734-CAB8-4E19-9109-7E8501B0655E}.Debug|Any CPU.ActiveCfg = Debug|Any CPU
		{FB981734-CAB8-4E19-9109-7E8501B0655E}.Debug|Any CPU.Build.0 = Debug|Any CPU
		{FB981734-CAB8-4E19-9109-7E8501B0655E}.Release|Any CPU.ActiveCfg = Release|Any CPU
		{FB981734-CAB8-4E19-9109-7E8501B0655E}.Release|Any CPU.Build.0 = Release|Any CPU
		{720A1FD6-848A-498F-8790-87836C2CE551}.Debug|Any CPU.ActiveCfg = Debug|Any CPU
		{720A1FD6-848A-498F-8790-87836C2CE551}.Debug|Any CPU.Build.0 = Debug|Any CPU
		{720A1FD6-848A-498F-8790-87836C2CE551}.Release|Any CPU.ActiveCfg = Release|Any CPU
		{720A1FD6-848A-498F-8790-87836C2CE551}.Release|Any CPU.Build.0 = Release|Any CPU
		{DA4DD673-2459-4EE6-AEB7-60E3560B63AD}.Debug|Any CPU.ActiveCfg = Debug|Any CPU
		{DA4DD673-2459-4EE6-AEB7-60E3560B63AD}.Debug|Any CPU.Build.0 = Debug|Any CPU
		{DA4DD673-2459-4EE6-AEB7-60E3560B63AD}.Release|Any CPU.ActiveCfg = Release|Any CPU
		{DA4DD673-2459-4EE6-AEB7-60E3560B63AD}.Release|Any CPU.Build.0 = Release|Any CPU
		{07BB9443-C26C-4FB0-9B41-0E15A2A99020}.Debug|Any CPU.ActiveCfg = Debug|Any CPU
		{07BB9443-C26C-4FB0-9B41-0E15A2A99020}.Debug|Any CPU.Build.0 = Debug|Any CPU
		{07BB9443-C26C-4FB0-9B41-0E15A2A99020}.Release|Any CPU.ActiveCfg = Release|Any CPU
		{07BB9443-C26C-4FB0-9B41-0E15A2A99020}.Release|Any CPU.Build.0 = Release|Any CPU
		{7E6FA388-F01D-43AC-954E-0AE9136F7429}.Debug|Any CPU.ActiveCfg = Debug|Any CPU
		{7E6FA388-F01D-43AC-954E-0AE9136F7429}.Debug|Any CPU.Build.0 = Debug|Any CPU
		{7E6FA388-F01D-43AC-954E-0AE9136F7429}.Release|Any CPU.ActiveCfg = Release|Any CPU
		{7E6FA388-F01D-43AC-954E-0AE9136F7429}.Release|Any CPU.Build.0 = Release|Any CPU
		{C7324B67-8207-4E18-A551-E9530AA49B7D}.Debug|Any CPU.ActiveCfg = Debug|Any CPU
		{C7324B67-8207-4E18-A551-E9530AA49B7D}.Debug|Any CPU.Build.0 = Debug|Any CPU
		{C7324B67-8207-4E18-A551-E9530AA49B7D}.Release|Any CPU.ActiveCfg = Release|Any CPU
		{C7324B67-8207-4E18-A551-E9530AA49B7D}.Release|Any CPU.Build.0 = Release|Any CPU
		{6046C670-310F-4D4C-B80E-4564A2075A8E}.Debug|Any CPU.ActiveCfg = Debug|Any CPU
		{6046C670-310F-4D4C-B80E-4564A2075A8E}.Debug|Any CPU.Build.0 = Debug|Any CPU
		{6046C670-310F-4D4C-B80E-4564A2075A8E}.Release|Any CPU.ActiveCfg = Release|Any CPU
		{6046C670-310F-4D4C-B80E-4564A2075A8E}.Release|Any CPU.Build.0 = Release|Any CPU
		{182347D6-6E95-4954-9C88-559EC6D738BD}.Debug|Any CPU.ActiveCfg = Debug|Any CPU
		{182347D6-6E95-4954-9C88-559EC6D738BD}.Debug|Any CPU.Build.0 = Debug|Any CPU
		{182347D6-6E95-4954-9C88-559EC6D738BD}.Release|Any CPU.ActiveCfg = Release|Any CPU
		{182347D6-6E95-4954-9C88-559EC6D738BD}.Release|Any CPU.Build.0 = Release|Any CPU
		{5F5639C6-83FC-491D-B79C-BF2A444C1892}.Debug|Any CPU.ActiveCfg = Debug|Any CPU
		{5F5639C6-83FC-491D-B79C-BF2A444C1892}.Debug|Any CPU.Build.0 = Debug|Any CPU
		{5F5639C6-83FC-491D-B79C-BF2A444C1892}.Release|Any CPU.ActiveCfg = Release|Any CPU
		{5F5639C6-83FC-491D-B79C-BF2A444C1892}.Release|Any CPU.Build.0 = Release|Any CPU
		{CC028B0E-52B9-47B8-9A04-3B6A9A469780}.Debug|Any CPU.ActiveCfg = Debug|Any CPU
		{CC028B0E-52B9-47B8-9A04-3B6A9A469780}.Debug|Any CPU.Build.0 = Debug|Any CPU
		{CC028B0E-52B9-47B8-9A04-3B6A9A469780}.Release|Any CPU.ActiveCfg = Release|Any CPU
		{CC028B0E-52B9-47B8-9A04-3B6A9A469780}.Release|Any CPU.Build.0 = Release|Any CPU
		{697044E8-1F10-46AE-BCEB-2EDD0023C338}.Debug|Any CPU.ActiveCfg = Debug|Any CPU
		{697044E8-1F10-46AE-BCEB-2EDD0023C338}.Debug|Any CPU.Build.0 = Debug|Any CPU
		{697044E8-1F10-46AE-BCEB-2EDD0023C338}.Release|Any CPU.ActiveCfg = Release|Any CPU
		{697044E8-1F10-46AE-BCEB-2EDD0023C338}.Release|Any CPU.Build.0 = Release|Any CPU
		{6A3AA0E0-AF11-4D8A-9C45-F4630CA5F92F}.Debug|Any CPU.ActiveCfg = Debug|Any CPU
		{6A3AA0E0-AF11-4D8A-9C45-F4630CA5F92F}.Debug|Any CPU.Build.0 = Debug|Any CPU
		{6A3AA0E0-AF11-4D8A-9C45-F4630CA5F92F}.Release|Any CPU.ActiveCfg = Release|Any CPU
		{6A3AA0E0-AF11-4D8A-9C45-F4630CA5F92F}.Release|Any CPU.Build.0 = Release|Any CPU
		{033787EE-7F28-47F5-B8F5-5F13B96290ED}.Debug|Any CPU.ActiveCfg = Debug|Any CPU
		{033787EE-7F28-47F5-B8F5-5F13B96290ED}.Debug|Any CPU.Build.0 = Debug|Any CPU
		{033787EE-7F28-47F5-B8F5-5F13B96290ED}.Release|Any CPU.ActiveCfg = Release|Any CPU
		{033787EE-7F28-47F5-B8F5-5F13B96290ED}.Release|Any CPU.Build.0 = Release|Any CPU
		{3ECAACD5-3568-4FD8-A344-5E0A085C9B76}.Debug|Any CPU.ActiveCfg = Debug|Any CPU
		{3ECAACD5-3568-4FD8-A344-5E0A085C9B76}.Debug|Any CPU.Build.0 = Debug|Any CPU
		{3ECAACD5-3568-4FD8-A344-5E0A085C9B76}.Release|Any CPU.ActiveCfg = Release|Any CPU
		{3ECAACD5-3568-4FD8-A344-5E0A085C9B76}.Release|Any CPU.Build.0 = Release|Any CPU
		{F4074445-AB88-406D-B4C0-F4CAC6BD5034}.Debug|Any CPU.ActiveCfg = Debug|Any CPU
		{F4074445-AB88-406D-B4C0-F4CAC6BD5034}.Debug|Any CPU.Build.0 = Debug|Any CPU
		{F4074445-AB88-406D-B4C0-F4CAC6BD5034}.Release|Any CPU.ActiveCfg = Release|Any CPU
		{F4074445-AB88-406D-B4C0-F4CAC6BD5034}.Release|Any CPU.Build.0 = Release|Any CPU
		{E7C2ABAC-1D95-4F13-AFC0-863AB4DAA50A}.Debug|Any CPU.ActiveCfg = Debug|Any CPU
		{E7C2ABAC-1D95-4F13-AFC0-863AB4DAA50A}.Debug|Any CPU.Build.0 = Debug|Any CPU
		{E7C2ABAC-1D95-4F13-AFC0-863AB4DAA50A}.Release|Any CPU.ActiveCfg = Release|Any CPU
		{E7C2ABAC-1D95-4F13-AFC0-863AB4DAA50A}.Release|Any CPU.Build.0 = Release|Any CPU
		{743BDFA9-0C13-4B8D-8B12-D77921BB2252}.Debug|Any CPU.ActiveCfg = Debug|Any CPU
		{743BDFA9-0C13-4B8D-8B12-D77921BB2252}.Debug|Any CPU.Build.0 = Debug|Any CPU
		{743BDFA9-0C13-4B8D-8B12-D77921BB2252}.Release|Any CPU.ActiveCfg = Release|Any CPU
		{743BDFA9-0C13-4B8D-8B12-D77921BB2252}.Release|Any CPU.Build.0 = Release|Any CPU
		{E797BBB3-3DBD-4851-BCCE-ABC178875DB6}.Debug|Any CPU.ActiveCfg = Debug|Any CPU
		{E797BBB3-3DBD-4851-BCCE-ABC178875DB6}.Debug|Any CPU.Build.0 = Debug|Any CPU
		{E797BBB3-3DBD-4851-BCCE-ABC178875DB6}.Release|Any CPU.ActiveCfg = Release|Any CPU
		{E797BBB3-3DBD-4851-BCCE-ABC178875DB6}.Release|Any CPU.Build.0 = Release|Any CPU
		{9F9BA96C-8A5E-476D-9F9C-B31291152D58}.Debug|Any CPU.ActiveCfg = Debug|Any CPU
		{9F9BA96C-8A5E-476D-9F9C-B31291152D58}.Debug|Any CPU.Build.0 = Debug|Any CPU
		{9F9BA96C-8A5E-476D-9F9C-B31291152D58}.Release|Any CPU.ActiveCfg = Release|Any CPU
		{9F9BA96C-8A5E-476D-9F9C-B31291152D58}.Release|Any CPU.Build.0 = Release|Any CPU
		{F49D220C-635B-4401-88A6-5942316D05E2}.Debug|Any CPU.ActiveCfg = Debug|Any CPU
		{F49D220C-635B-4401-88A6-5942316D05E2}.Debug|Any CPU.Build.0 = Debug|Any CPU
		{F49D220C-635B-4401-88A6-5942316D05E2}.Release|Any CPU.ActiveCfg = Release|Any CPU
		{F49D220C-635B-4401-88A6-5942316D05E2}.Release|Any CPU.Build.0 = Release|Any CPU
		{8C53F3DF-9400-4171-9FEB-10BD26B8CB68}.Debug|Any CPU.ActiveCfg = Debug|Any CPU
		{8C53F3DF-9400-4171-9FEB-10BD26B8CB68}.Debug|Any CPU.Build.0 = Debug|Any CPU
		{8C53F3DF-9400-4171-9FEB-10BD26B8CB68}.Release|Any CPU.ActiveCfg = Release|Any CPU
		{8C53F3DF-9400-4171-9FEB-10BD26B8CB68}.Release|Any CPU.Build.0 = Release|Any CPU
		{4DADDAA3-C6E2-4134-9499-325889B3147F}.Debug|Any CPU.ActiveCfg = Debug|Any CPU
		{4DADDAA3-C6E2-4134-9499-325889B3147F}.Debug|Any CPU.Build.0 = Debug|Any CPU
		{4DADDAA3-C6E2-4134-9499-325889B3147F}.Release|Any CPU.ActiveCfg = Release|Any CPU
		{4DADDAA3-C6E2-4134-9499-325889B3147F}.Release|Any CPU.Build.0 = Release|Any CPU
		{C1FB84D0-F8D4-4345-842C-D941AB27C983}.Debug|Any CPU.ActiveCfg = Debug|Any CPU
		{C1FB84D0-F8D4-4345-842C-D941AB27C983}.Debug|Any CPU.Build.0 = Debug|Any CPU
		{C1FB84D0-F8D4-4345-842C-D941AB27C983}.Release|Any CPU.ActiveCfg = Release|Any CPU
		{C1FB84D0-F8D4-4345-842C-D941AB27C983}.Release|Any CPU.Build.0 = Release|Any CPU
		{D28FBFC1-B8AB-4FE0-9EFB-B422EA5F3393}.Debug|Any CPU.ActiveCfg = Debug|Any CPU
		{D28FBFC1-B8AB-4FE0-9EFB-B422EA5F3393}.Debug|Any CPU.Build.0 = Debug|Any CPU
		{D28FBFC1-B8AB-4FE0-9EFB-B422EA5F3393}.Release|Any CPU.ActiveCfg = Release|Any CPU
		{D28FBFC1-B8AB-4FE0-9EFB-B422EA5F3393}.Release|Any CPU.Build.0 = Release|Any CPU
		{BAB8D4EB-7DDD-47D6-903D-DB6785F2EEB0}.Debug|Any CPU.ActiveCfg = Debug|Any CPU
		{BAB8D4EB-7DDD-47D6-903D-DB6785F2EEB0}.Debug|Any CPU.Build.0 = Debug|Any CPU
		{BAB8D4EB-7DDD-47D6-903D-DB6785F2EEB0}.Release|Any CPU.ActiveCfg = Release|Any CPU
		{BAB8D4EB-7DDD-47D6-903D-DB6785F2EEB0}.Release|Any CPU.Build.0 = Release|Any CPU
		{C9AFF11E-9C26-4A59-949B-F4EEF097C092}.Debug|Any CPU.ActiveCfg = Debug|Any CPU
		{C9AFF11E-9C26-4A59-949B-F4EEF097C092}.Debug|Any CPU.Build.0 = Debug|Any CPU
		{C9AFF11E-9C26-4A59-949B-F4EEF097C092}.Release|Any CPU.ActiveCfg = Release|Any CPU
		{C9AFF11E-9C26-4A59-949B-F4EEF097C092}.Release|Any CPU.Build.0 = Release|Any CPU
		{697E9EBC-CF16-4F57-BAC3-1D3AD20326DD}.Debug|Any CPU.ActiveCfg = Debug|Any CPU
		{697E9EBC-CF16-4F57-BAC3-1D3AD20326DD}.Debug|Any CPU.Build.0 = Debug|Any CPU
		{697E9EBC-CF16-4F57-BAC3-1D3AD20326DD}.Release|Any CPU.ActiveCfg = Release|Any CPU
		{697E9EBC-CF16-4F57-BAC3-1D3AD20326DD}.Release|Any CPU.Build.0 = Release|Any CPU
		{F2B1895D-5951-4360-9E06-A8CF1D3A2D34}.Debug|Any CPU.ActiveCfg = Debug|Any CPU
		{F2B1895D-5951-4360-9E06-A8CF1D3A2D34}.Debug|Any CPU.Build.0 = Debug|Any CPU
		{F2B1895D-5951-4360-9E06-A8CF1D3A2D34}.Release|Any CPU.ActiveCfg = Release|Any CPU
		{F2B1895D-5951-4360-9E06-A8CF1D3A2D34}.Release|Any CPU.Build.0 = Release|Any CPU
		{4088FFDD-6096-4701-9195-49390749B71E}.Debug|Any CPU.ActiveCfg = Debug|Any CPU
		{4088FFDD-6096-4701-9195-49390749B71E}.Debug|Any CPU.Build.0 = Debug|Any CPU
		{4088FFDD-6096-4701-9195-49390749B71E}.Release|Any CPU.ActiveCfg = Release|Any CPU
		{4088FFDD-6096-4701-9195-49390749B71E}.Release|Any CPU.Build.0 = Release|Any CPU
		{290E05EB-6890-4354-B5E1-0E88EC421A53}.Debug|Any CPU.ActiveCfg = Debug|Any CPU
		{290E05EB-6890-4354-B5E1-0E88EC421A53}.Debug|Any CPU.Build.0 = Debug|Any CPU
		{290E05EB-6890-4354-B5E1-0E88EC421A53}.Release|Any CPU.ActiveCfg = Release|Any CPU
		{290E05EB-6890-4354-B5E1-0E88EC421A53}.Release|Any CPU.Build.0 = Release|Any CPU
		{717AC18F-44B3-49B0-B172-555A14850CD4}.Debug|Any CPU.ActiveCfg = Debug|Any CPU
		{717AC18F-44B3-49B0-B172-555A14850CD4}.Debug|Any CPU.Build.0 = Debug|Any CPU
		{717AC18F-44B3-49B0-B172-555A14850CD4}.Release|Any CPU.ActiveCfg = Release|Any CPU
		{717AC18F-44B3-49B0-B172-555A14850CD4}.Release|Any CPU.Build.0 = Release|Any CPU
		{03D33D27-07E4-47E3-989D-93051D62EA55}.Debug|Any CPU.ActiveCfg = Debug|Any CPU
		{03D33D27-07E4-47E3-989D-93051D62EA55}.Debug|Any CPU.Build.0 = Debug|Any CPU
		{03D33D27-07E4-47E3-989D-93051D62EA55}.Release|Any CPU.ActiveCfg = Release|Any CPU
		{03D33D27-07E4-47E3-989D-93051D62EA55}.Release|Any CPU.Build.0 = Release|Any CPU
		{B0F7CA4B-E796-47D3-A9B5-ACA12F3F0669}.Debug|Any CPU.ActiveCfg = Debug|Any CPU
		{B0F7CA4B-E796-47D3-A9B5-ACA12F3F0669}.Debug|Any CPU.Build.0 = Debug|Any CPU
		{B0F7CA4B-E796-47D3-A9B5-ACA12F3F0669}.Release|Any CPU.ActiveCfg = Release|Any CPU
		{B0F7CA4B-E796-47D3-A9B5-ACA12F3F0669}.Release|Any CPU.Build.0 = Release|Any CPU
		{EF9700EB-4B04-4B6A-A9E3-5A3F08274A9C}.Debug|Any CPU.ActiveCfg = Debug|Any CPU
		{EF9700EB-4B04-4B6A-A9E3-5A3F08274A9C}.Debug|Any CPU.Build.0 = Debug|Any CPU
		{EF9700EB-4B04-4B6A-A9E3-5A3F08274A9C}.Release|Any CPU.ActiveCfg = Release|Any CPU
		{EF9700EB-4B04-4B6A-A9E3-5A3F08274A9C}.Release|Any CPU.Build.0 = Release|Any CPU
		{59586EBD-54CA-41F4-A929-235565247D71}.Debug|Any CPU.ActiveCfg = Debug|Any CPU
		{59586EBD-54CA-41F4-A929-235565247D71}.Debug|Any CPU.Build.0 = Debug|Any CPU
		{59586EBD-54CA-41F4-A929-235565247D71}.Release|Any CPU.ActiveCfg = Release|Any CPU
		{59586EBD-54CA-41F4-A929-235565247D71}.Release|Any CPU.Build.0 = Release|Any CPU
		{68EF2F06-3DA5-459C-91EB-4125E045C2AF}.Debug|Any CPU.ActiveCfg = Debug|Any CPU
		{68EF2F06-3DA5-459C-91EB-4125E045C2AF}.Debug|Any CPU.Build.0 = Debug|Any CPU
		{68EF2F06-3DA5-459C-91EB-4125E045C2AF}.Release|Any CPU.ActiveCfg = Release|Any CPU
		{68EF2F06-3DA5-459C-91EB-4125E045C2AF}.Release|Any CPU.Build.0 = Release|Any CPU
		{E67711A9-9403-4C12-B28A-07C5357E9E83}.Debug|Any CPU.ActiveCfg = Debug|Any CPU
		{E67711A9-9403-4C12-B28A-07C5357E9E83}.Debug|Any CPU.Build.0 = Debug|Any CPU
		{E67711A9-9403-4C12-B28A-07C5357E9E83}.Release|Any CPU.ActiveCfg = Release|Any CPU
		{E67711A9-9403-4C12-B28A-07C5357E9E83}.Release|Any CPU.Build.0 = Release|Any CPU
		{9AA2BBE7-26D3-4784-95C7-438654F8430D}.Debug|Any CPU.ActiveCfg = Debug|Any CPU
		{9AA2BBE7-26D3-4784-95C7-438654F8430D}.Debug|Any CPU.Build.0 = Debug|Any CPU
		{9AA2BBE7-26D3-4784-95C7-438654F8430D}.Release|Any CPU.ActiveCfg = Release|Any CPU
		{9AA2BBE7-26D3-4784-95C7-438654F8430D}.Release|Any CPU.Build.0 = Release|Any CPU
		{B564BA03-457E-4E40-9078-AC917BB5D14F}.Debug|Any CPU.ActiveCfg = Debug|Any CPU
		{B564BA03-457E-4E40-9078-AC917BB5D14F}.Debug|Any CPU.Build.0 = Debug|Any CPU
		{B564BA03-457E-4E40-9078-AC917BB5D14F}.Release|Any CPU.ActiveCfg = Release|Any CPU
		{B564BA03-457E-4E40-9078-AC917BB5D14F}.Release|Any CPU.Build.0 = Release|Any CPU
		{0B1DEA58-78A4-44AC-B9C4-F0314FF37AFE}.Debug|Any CPU.ActiveCfg = Debug|Any CPU
		{0B1DEA58-78A4-44AC-B9C4-F0314FF37AFE}.Debug|Any CPU.Build.0 = Debug|Any CPU
		{0B1DEA58-78A4-44AC-B9C4-F0314FF37AFE}.Release|Any CPU.ActiveCfg = Release|Any CPU
		{0B1DEA58-78A4-44AC-B9C4-F0314FF37AFE}.Release|Any CPU.Build.0 = Release|Any CPU
		{905B7CFA-FC1C-4BC1-AEE5-159317516B2B}.Debug|Any CPU.ActiveCfg = Debug|Any CPU
		{905B7CFA-FC1C-4BC1-AEE5-159317516B2B}.Debug|Any CPU.Build.0 = Debug|Any CPU
		{905B7CFA-FC1C-4BC1-AEE5-159317516B2B}.Release|Any CPU.ActiveCfg = Release|Any CPU
		{905B7CFA-FC1C-4BC1-AEE5-159317516B2B}.Release|Any CPU.Build.0 = Release|Any CPU
		{C689FD23-79AE-441E-906F-DBD9F654CE1C}.Debug|Any CPU.ActiveCfg = Debug|Any CPU
		{C689FD23-79AE-441E-906F-DBD9F654CE1C}.Debug|Any CPU.Build.0 = Debug|Any CPU
		{C689FD23-79AE-441E-906F-DBD9F654CE1C}.Release|Any CPU.ActiveCfg = Release|Any CPU
		{C689FD23-79AE-441E-906F-DBD9F654CE1C}.Release|Any CPU.Build.0 = Release|Any CPU
		{5D8D40B3-23BD-481C-90F4-D278F2E1F643}.Debug|Any CPU.ActiveCfg = Debug|Any CPU
		{5D8D40B3-23BD-481C-90F4-D278F2E1F643}.Debug|Any CPU.Build.0 = Debug|Any CPU
		{5D8D40B3-23BD-481C-90F4-D278F2E1F643}.Release|Any CPU.ActiveCfg = Release|Any CPU
		{5D8D40B3-23BD-481C-90F4-D278F2E1F643}.Release|Any CPU.Build.0 = Release|Any CPU
		{6A753BD6-09FB-43A9-B4E0-20A9A43F1023}.Debug|Any CPU.ActiveCfg = Debug|Any CPU
		{6A753BD6-09FB-43A9-B4E0-20A9A43F1023}.Debug|Any CPU.Build.0 = Debug|Any CPU
		{6A753BD6-09FB-43A9-B4E0-20A9A43F1023}.Release|Any CPU.ActiveCfg = Release|Any CPU
		{6A753BD6-09FB-43A9-B4E0-20A9A43F1023}.Release|Any CPU.Build.0 = Release|Any CPU
		{5CAD8669-9B88-4320-9FC8-6819FC4FFDC0}.Debug|Any CPU.ActiveCfg = Debug|Any CPU
		{5CAD8669-9B88-4320-9FC8-6819FC4FFDC0}.Debug|Any CPU.Build.0 = Debug|Any CPU
		{5CAD8669-9B88-4320-9FC8-6819FC4FFDC0}.Release|Any CPU.ActiveCfg = Release|Any CPU
		{5CAD8669-9B88-4320-9FC8-6819FC4FFDC0}.Release|Any CPU.Build.0 = Release|Any CPU
		{209B6BB0-E898-4FCB-8112-E37C40A360F8}.Debug|Any CPU.ActiveCfg = Debug|Any CPU
		{209B6BB0-E898-4FCB-8112-E37C40A360F8}.Debug|Any CPU.Build.0 = Debug|Any CPU
		{209B6BB0-E898-4FCB-8112-E37C40A360F8}.Release|Any CPU.ActiveCfg = Release|Any CPU
		{209B6BB0-E898-4FCB-8112-E37C40A360F8}.Release|Any CPU.Build.0 = Release|Any CPU
		{66D9EC50-7FE0-47D3-B13E-BD01603965EE}.Debug|Any CPU.ActiveCfg = Debug|Any CPU
		{66D9EC50-7FE0-47D3-B13E-BD01603965EE}.Debug|Any CPU.Build.0 = Debug|Any CPU
		{66D9EC50-7FE0-47D3-B13E-BD01603965EE}.Release|Any CPU.ActiveCfg = Release|Any CPU
		{66D9EC50-7FE0-47D3-B13E-BD01603965EE}.Release|Any CPU.Build.0 = Release|Any CPU
		{414A795F-5E0F-4AC1-B991-80F07609AAF5}.Debug|Any CPU.ActiveCfg = Debug|Any CPU
		{414A795F-5E0F-4AC1-B991-80F07609AAF5}.Debug|Any CPU.Build.0 = Debug|Any CPU
		{414A795F-5E0F-4AC1-B991-80F07609AAF5}.Release|Any CPU.ActiveCfg = Release|Any CPU
		{414A795F-5E0F-4AC1-B991-80F07609AAF5}.Release|Any CPU.Build.0 = Release|Any CPU
		{B69732A8-3A82-435C-97E6-BCCF4094420A}.Debug|Any CPU.ActiveCfg = Debug|Any CPU
		{B69732A8-3A82-435C-97E6-BCCF4094420A}.Debug|Any CPU.Build.0 = Debug|Any CPU
		{B69732A8-3A82-435C-97E6-BCCF4094420A}.Release|Any CPU.ActiveCfg = Release|Any CPU
		{B69732A8-3A82-435C-97E6-BCCF4094420A}.Release|Any CPU.Build.0 = Release|Any CPU
		{F7B97C54-3E4E-4FC7-9991-000E17E40D97}.Debug|Any CPU.ActiveCfg = Debug|Any CPU
		{F7B97C54-3E4E-4FC7-9991-000E17E40D97}.Debug|Any CPU.Build.0 = Debug|Any CPU
		{F7B97C54-3E4E-4FC7-9991-000E17E40D97}.Release|Any CPU.ActiveCfg = Release|Any CPU
		{F7B97C54-3E4E-4FC7-9991-000E17E40D97}.Release|Any CPU.Build.0 = Release|Any CPU
		{8603BD9F-6884-4D5C-B475-65BA31B115B6}.Debug|Any CPU.ActiveCfg = Debug|Any CPU
		{8603BD9F-6884-4D5C-B475-65BA31B115B6}.Debug|Any CPU.Build.0 = Debug|Any CPU
		{8603BD9F-6884-4D5C-B475-65BA31B115B6}.Release|Any CPU.ActiveCfg = Release|Any CPU
		{8603BD9F-6884-4D5C-B475-65BA31B115B6}.Release|Any CPU.Build.0 = Release|Any CPU
	EndGlobalSection
	GlobalSection(SolutionProperties) = preSolution
		HideSolutionNode = FALSE
	EndGlobalSection
	GlobalSection(NestedProjects) = preSolution
		{97A8A76E-D059-45A8-AD3D-08F0CA1D98BF} = {08A23E7A-06B4-4219-BD15-882BCCB03BFC}
		{44EF367A-DEA0-46BB-BD41-B712BDC4551E} = {08A23E7A-06B4-4219-BD15-882BCCB03BFC}
		{D12B0687-B7A0-40F2-988A-BDF7547C83E8} = {08A23E7A-06B4-4219-BD15-882BCCB03BFC}
		{198E07B3-CF9C-4ED0-BDB7-E2696CE4689A} = {08A23E7A-06B4-4219-BD15-882BCCB03BFC}
		{6A96CE45-B000-4BA1-9558-0A16A936EEFA} = {08A23E7A-06B4-4219-BD15-882BCCB03BFC}
		{8E36FA0D-2BE8-4898-832B-0C3656973534} = {08A23E7A-06B4-4219-BD15-882BCCB03BFC}
		{DBB15A9C-652E-4610-A7BC-593FB320899B} = {08A23E7A-06B4-4219-BD15-882BCCB03BFC}
		{08A23E7A-06B4-4219-BD15-882BCCB03BFC} = {89C2B73D-B08D-434D-ABEB-98A4FA9CA7F0}
		{0EB14E7B-464C-44BD-882B-903DA2345E70} = {08A23E7A-06B4-4219-BD15-882BCCB03BFC}
		{16AC84C5-22AD-43FF-8650-084B516338D4} = {08A23E7A-06B4-4219-BD15-882BCCB03BFC}
		{6E0C80B6-2218-4C64-BA0A-1968177B290F} = {50541049-244A-4183-8F93-052D6DBD3912}
		{50541049-244A-4183-8F93-052D6DBD3912} = {89C2B73D-B08D-434D-ABEB-98A4FA9CA7F0}
		{7908CA20-4396-4A04-8D34-29F04E825934} = {50541049-244A-4183-8F93-052D6DBD3912}
		{3FF594DB-F1C9-417B-8A01-9A95CF1D25C8} = {50541049-244A-4183-8F93-052D6DBD3912}
		{14E5FC94-4327-4F73-901D-7D5CD00F43A2} = {50541049-244A-4183-8F93-052D6DBD3912}
		{FAF58828-8AB5-47D5-ACBD-D00EB9AD17E1} = {50541049-244A-4183-8F93-052D6DBD3912}
		{C8540E59-E1F1-4D83-8DA9-8B045475D484} = {9B2F3B17-5F31-4771-9E9B-F1AEE15B722C}
		{9B2F3B17-5F31-4771-9E9B-F1AEE15B722C} = {89C2B73D-B08D-434D-ABEB-98A4FA9CA7F0}
		{2AE07B10-9578-4142-A6F7-EBFFC5868601} = {9B2F3B17-5F31-4771-9E9B-F1AEE15B722C}
		{50B426AF-FC58-462A-A0EF-5AAA89912918} = {9B2F3B17-5F31-4771-9E9B-F1AEE15B722C}
		{3F95F531-F999-4E32-BB87-D5A35E5D4BFB} = {89C2B73D-B08D-434D-ABEB-98A4FA9CA7F0}
		{A43316DD-BD00-4D67-8055-E1989A11E86D} = {9B2F3B17-5F31-4771-9E9B-F1AEE15B722C}
		{C5706DF9-7490-44B9-B8FD-0053AB0DDBFE} = {9B2F3B17-5F31-4771-9E9B-F1AEE15B722C}
		{A0A62E86-443A-40A6-AE05-2EEF651E7C31} = {9B2F3B17-5F31-4771-9E9B-F1AEE15B722C}
		{F4792836-BD45-4C6F-A90A-90561D282101} = {9B2F3B17-5F31-4771-9E9B-F1AEE15B722C}
		{B4114A02-1388-4574-BD6B-8FD8BF7CC323} = {89C2B73D-B08D-434D-ABEB-98A4FA9CA7F0}
		{C74115AD-11F9-41D4-940F-856E2A0D6A7C} = {B4114A02-1388-4574-BD6B-8FD8BF7CC323}
		{1AF8BDA2-1A1F-4B6B-AE85-367F10162A8C} = {B4114A02-1388-4574-BD6B-8FD8BF7CC323}
		{D0F9EBE0-4992-4950-82FB-A5B27F29ED24} = {B4114A02-1388-4574-BD6B-8FD8BF7CC323}
		{4EDB08CB-7EEF-4F5E-BFA5-779471397EB6} = {B4114A02-1388-4574-BD6B-8FD8BF7CC323}
		{AEB9D6A6-6D59-4F6F-A213-F3720F595CD0} = {B4114A02-1388-4574-BD6B-8FD8BF7CC323}
		{44E741A4-7C62-4B26-BAD1-B2AA30AF6414} = {B4114A02-1388-4574-BD6B-8FD8BF7CC323}
		{4C84D422-E56B-46C1-9D8C-DCA0093F8F9C} = {B4114A02-1388-4574-BD6B-8FD8BF7CC323}
		{9F705171-E503-4AD4-B1C1-A08A3940856F} = {89C2B73D-B08D-434D-ABEB-98A4FA9CA7F0}
		{3202FBE9-1805-4FCB-B663-3D847714B7E2} = {9F705171-E503-4AD4-B1C1-A08A3940856F}
		{F1F4BE53-770A-4B5B-9AEA-9E8722E38C9D} = {9F705171-E503-4AD4-B1C1-A08A3940856F}
		{C41EF887-A304-478F-ADD8-3A4CCA05AD04} = {9F705171-E503-4AD4-B1C1-A08A3940856F}
		{41AD0FFF-6CEE-498D-94A8-D6115D6E965F} = {2BBCB1AC-47CC-455E-8B98-4A9B15630A5F}
		{1BF25B55-1C74-40DB-A5C1-B92D0AF79B24} = {2BBCB1AC-47CC-455E-8B98-4A9B15630A5F}
		{2BBCB1AC-47CC-455E-8B98-4A9B15630A5F} = {89C2B73D-B08D-434D-ABEB-98A4FA9CA7F0}
		{255D7AFF-FA19-4E79-84ED-04846C7FD7F6} = {2BBCB1AC-47CC-455E-8B98-4A9B15630A5F}
		{7A830F5E-00BD-4D4D-BDF1-33CBAB280EBF} = {89C2B73D-B08D-434D-ABEB-98A4FA9CA7F0}
		{295F52C8-34AF-4621-BE12-BFA8AFC6D416} = {7A830F5E-00BD-4D4D-BDF1-33CBAB280EBF}
		{6084DDE7-2E65-4E63-84EF-D09BBB7EEFFB} = {7A830F5E-00BD-4D4D-BDF1-33CBAB280EBF}
		{BEE5981B-8319-4F2F-85CD-FBFD399B012D} = {7A830F5E-00BD-4D4D-BDF1-33CBAB280EBF}
		{716FC200-7F67-4692-AF10-522BC06A2B9A} = {7A830F5E-00BD-4D4D-BDF1-33CBAB280EBF}
		{5D6E6335-38B7-4207-A744-EBAF05A98805} = {7A830F5E-00BD-4D4D-BDF1-33CBAB280EBF}
		{F61F554B-D84B-452A-8353-A884C0959069} = {7A830F5E-00BD-4D4D-BDF1-33CBAB280EBF}
		{DF6425CE-E6A8-47FF-B7D2-EC7EA5048D53} = {A3D85C0A-4C43-429D-9D1C-AE9FED22BE28}
		{A3D85C0A-4C43-429D-9D1C-AE9FED22BE28} = {89C2B73D-B08D-434D-ABEB-98A4FA9CA7F0}
		{12096EB0-8D0D-48D1-B78B-5A8B430C7381} = {A3D85C0A-4C43-429D-9D1C-AE9FED22BE28}
		{9D766E77-FFF1-4907-9A45-22C0654774B2} = {89C2B73D-B08D-434D-ABEB-98A4FA9CA7F0}
		{9B57F363-E280-4338-B1EA-2D473D722406} = {9D766E77-FFF1-4907-9A45-22C0654774B2}
		{F53475B6-A83A-4F38-8743-76EE063F80AA} = {9D766E77-FFF1-4907-9A45-22C0654774B2}
		{4C32EAC5-177D-4767-9024-4ADAEBC76002} = {9D766E77-FFF1-4907-9A45-22C0654774B2}
		{8526214F-F2C2-4EE4-96E2-E56AF0F80021} = {89C2B73D-B08D-434D-ABEB-98A4FA9CA7F0}
		{836B573C-4570-4E0D-884F-3DFC194B8DC9} = {8526214F-F2C2-4EE4-96E2-E56AF0F80021}
		{AD3B4057-721F-430C-B079-751E7331C45D} = {8526214F-F2C2-4EE4-96E2-E56AF0F80021}
		{ED0953EA-50B5-4678-829C-5FB102303C27} = {89C2B73D-B08D-434D-ABEB-98A4FA9CA7F0}
		{461BFCCB-61EF-46DF-A87F-372055CA9A37} = {ED0953EA-50B5-4678-829C-5FB102303C27}
		{B6E9DDC4-C32C-4806-9BEB-D9992DCECBA5} = {6E84E59F-894D-428A-BA5A-82B85FB98914}
		{B803ECF1-2D2F-4FB9-AB5E-AF5B77B3EB88} = {B6E9DDC4-C32C-4806-9BEB-D9992DCECBA5}
		{DA93392C-574A-4B6B-A783-9140248381EB} = {6E84E59F-894D-428A-BA5A-82B85FB98914}
		{FB981734-CAB8-4E19-9109-7E8501B0655E} = {DA93392C-574A-4B6B-A783-9140248381EB}
		{720A1FD6-848A-498F-8790-87836C2CE551} = {DA93392C-574A-4B6B-A783-9140248381EB}
		{72E7D971-5A9C-4FFC-B32B-F5A33889DB54} = {6E84E59F-894D-428A-BA5A-82B85FB98914}
		{DA4DD673-2459-4EE6-AEB7-60E3560B63AD} = {72E7D971-5A9C-4FFC-B32B-F5A33889DB54}
		{07BB9443-C26C-4FB0-9B41-0E15A2A99020} = {72E7D971-5A9C-4FFC-B32B-F5A33889DB54}
		{7E6FA388-F01D-43AC-954E-0AE9136F7429} = {72E7D971-5A9C-4FFC-B32B-F5A33889DB54}
		{C7324B67-8207-4E18-A551-E9530AA49B7D} = {72E7D971-5A9C-4FFC-B32B-F5A33889DB54}
		{6046C670-310F-4D4C-B80E-4564A2075A8E} = {DA93392C-574A-4B6B-A783-9140248381EB}
		{182347D6-6E95-4954-9C88-559EC6D738BD} = {DA93392C-574A-4B6B-A783-9140248381EB}
		{5F5639C6-83FC-491D-B79C-BF2A444C1892} = {DA93392C-574A-4B6B-A783-9140248381EB}
		{4F3A08B8-774C-4140-86E8-1E9E70CD8577} = {6E84E59F-894D-428A-BA5A-82B85FB98914}
		{CC028B0E-52B9-47B8-9A04-3B6A9A469780} = {B57AE022-0DB9-4283-948C-107F5424BA0D}
		{697044E8-1F10-46AE-BCEB-2EDD0023C338} = {B57AE022-0DB9-4283-948C-107F5424BA0D}
		{6A3AA0E0-AF11-4D8A-9C45-F4630CA5F92F} = {B57AE022-0DB9-4283-948C-107F5424BA0D}
		{033787EE-7F28-47F5-B8F5-5F13B96290ED} = {B57AE022-0DB9-4283-948C-107F5424BA0D}
		{3ECAACD5-3568-4FD8-A344-5E0A085C9B76} = {B57AE022-0DB9-4283-948C-107F5424BA0D}
		{F4074445-AB88-406D-B4C0-F4CAC6BD5034} = {B57AE022-0DB9-4283-948C-107F5424BA0D}
		{B57AE022-0DB9-4283-948C-107F5424BA0D} = {4F3A08B8-774C-4140-86E8-1E9E70CD8577}
		{B5EA9917-8040-4816-9A7A-77357586B2BE} = {4F3A08B8-774C-4140-86E8-1E9E70CD8577}
		{E7C2ABAC-1D95-4F13-AFC0-863AB4DAA50A} = {B5EA9917-8040-4816-9A7A-77357586B2BE}
		{649BFD02-2271-4C81-A72E-AC739CB0F95D} = {4F3A08B8-774C-4140-86E8-1E9E70CD8577}
		{743BDFA9-0C13-4B8D-8B12-D77921BB2252} = {649BFD02-2271-4C81-A72E-AC739CB0F95D}
		{E797BBB3-3DBD-4851-BCCE-ABC178875DB6} = {649BFD02-2271-4C81-A72E-AC739CB0F95D}
		{9F9BA96C-8A5E-476D-9F9C-B31291152D58} = {649BFD02-2271-4C81-A72E-AC739CB0F95D}
		{F49D220C-635B-4401-88A6-5942316D05E2} = {649BFD02-2271-4C81-A72E-AC739CB0F95D}
		{8C53F3DF-9400-4171-9FEB-10BD26B8CB68} = {DA93392C-574A-4B6B-A783-9140248381EB}
		{4DADDAA3-C6E2-4134-9499-325889B3147F} = {DA93392C-574A-4B6B-A783-9140248381EB}
		{C1FB84D0-F8D4-4345-842C-D941AB27C983} = {DA93392C-574A-4B6B-A783-9140248381EB}
		{D28FBFC1-B8AB-4FE0-9EFB-B422EA5F3393} = {DA93392C-574A-4B6B-A783-9140248381EB}
		{BAB8D4EB-7DDD-47D6-903D-DB6785F2EEB0} = {DA93392C-574A-4B6B-A783-9140248381EB}
		{E3ED627A-6A45-451D-8C3F-2AA6588A54B3} = {6E84E59F-894D-428A-BA5A-82B85FB98914}
		{C9AFF11E-9C26-4A59-949B-F4EEF097C092} = {E3ED627A-6A45-451D-8C3F-2AA6588A54B3}
		{697E9EBC-CF16-4F57-BAC3-1D3AD20326DD} = {E3ED627A-6A45-451D-8C3F-2AA6588A54B3}
		{F2B1895D-5951-4360-9E06-A8CF1D3A2D34} = {E3ED627A-6A45-451D-8C3F-2AA6588A54B3}
		{4088FFDD-6096-4701-9195-49390749B71E} = {E3ED627A-6A45-451D-8C3F-2AA6588A54B3}
		{290E05EB-6890-4354-B5E1-0E88EC421A53} = {E3ED627A-6A45-451D-8C3F-2AA6588A54B3}
		{D682414E-3EC2-466D-B486-3FEBCFFF4A85} = {6E84E59F-894D-428A-BA5A-82B85FB98914}
		{717AC18F-44B3-49B0-B172-555A14850CD4} = {D682414E-3EC2-466D-B486-3FEBCFFF4A85}
		{03D33D27-07E4-47E3-989D-93051D62EA55} = {D682414E-3EC2-466D-B486-3FEBCFFF4A85}
		{20213217-5505-4AF2-9093-85D1156D7C16} = {6E84E59F-894D-428A-BA5A-82B85FB98914}
		{B0F7CA4B-E796-47D3-A9B5-ACA12F3F0669} = {20213217-5505-4AF2-9093-85D1156D7C16}
		{EF9700EB-4B04-4B6A-A9E3-5A3F08274A9C} = {20213217-5505-4AF2-9093-85D1156D7C16}
		{59586EBD-54CA-41F4-A929-235565247D71} = {D682414E-3EC2-466D-B486-3FEBCFFF4A85}
		{A13836C1-1562-459F-997B-9DABCDAA5C09} = {D682414E-3EC2-466D-B486-3FEBCFFF4A85}
		{68EF2F06-3DA5-459C-91EB-4125E045C2AF} = {A13836C1-1562-459F-997B-9DABCDAA5C09}
		{E67711A9-9403-4C12-B28A-07C5357E9E83} = {A13836C1-1562-459F-997B-9DABCDAA5C09}
		{9AA2BBE7-26D3-4784-95C7-438654F8430D} = {A13836C1-1562-459F-997B-9DABCDAA5C09}
		{B564BA03-457E-4E40-9078-AC917BB5D14F} = {A13836C1-1562-459F-997B-9DABCDAA5C09}
		{0219CBF3-277E-40A2-B623-4B9322531A5F} = {6E84E59F-894D-428A-BA5A-82B85FB98914}
		{0B1DEA58-78A4-44AC-B9C4-F0314FF37AFE} = {2C8BCF64-FEAF-4D15-BC55-736252012A48}
		{2C8BCF64-FEAF-4D15-BC55-736252012A48} = {0219CBF3-277E-40A2-B623-4B9322531A5F}
		{905B7CFA-FC1C-4BC1-AEE5-159317516B2B} = {2C8BCF64-FEAF-4D15-BC55-736252012A48}
		{C689FD23-79AE-441E-906F-DBD9F654CE1C} = {143F12B6-1C1D-49FC-9394-8B2B666A4440}
		{143F12B6-1C1D-49FC-9394-8B2B666A4440} = {6E84E59F-894D-428A-BA5A-82B85FB98914}
		{5D8D40B3-23BD-481C-90F4-D278F2E1F643} = {B3C96B40-CF4F-41A5-965D-F82C4C891F62}
		{AD5B0C26-48D4-4BC6-8239-B3BFB9D582F5} = {6E84E59F-894D-428A-BA5A-82B85FB98914}
		{B3C96B40-CF4F-41A5-965D-F82C4C891F62} = {AD5B0C26-48D4-4BC6-8239-B3BFB9D582F5}
		{6A753BD6-09FB-43A9-B4E0-20A9A43F1023} = {B3C96B40-CF4F-41A5-965D-F82C4C891F62}
		{5CAD8669-9B88-4320-9FC8-6819FC4FFDC0} = {2C8BCF64-FEAF-4D15-BC55-736252012A48}
		{C50CC267-A19E-4DC7-9CC8-62F82214F3FC} = {AD5B0C26-48D4-4BC6-8239-B3BFB9D582F5}
		{209B6BB0-E898-4FCB-8112-E37C40A360F8} = {C50CC267-A19E-4DC7-9CC8-62F82214F3FC}
		{154388BA-B302-4EEB-B302-16C344B4F710} = {AD5B0C26-48D4-4BC6-8239-B3BFB9D582F5}
		{66D9EC50-7FE0-47D3-B13E-BD01603965EE} = {154388BA-B302-4EEB-B302-16C344B4F710}
		{414A795F-5E0F-4AC1-B991-80F07609AAF5} = {154388BA-B302-4EEB-B302-16C344B4F710}
		{072C3234-8D6C-485C-8D2D-BE6C41622318} = {AD5B0C26-48D4-4BC6-8239-B3BFB9D582F5}
		{B69732A8-3A82-435C-97E6-BCCF4094420A} = {072C3234-8D6C-485C-8D2D-BE6C41622318}
		{191B45AB-6E62-4E2A-9726-1AE84B5902A6} = {AD5B0C26-48D4-4BC6-8239-B3BFB9D582F5}
		{F7B97C54-3E4E-4FC7-9991-000E17E40D97} = {191B45AB-6E62-4E2A-9726-1AE84B5902A6}
		{32B45D74-879F-4815-B17F-EBCFB3F89C10} = {AD5B0C26-48D4-4BC6-8239-B3BFB9D582F5}
		{8603BD9F-6884-4D5C-B475-65BA31B115B6} = {32B45D74-879F-4815-B17F-EBCFB3F89C10}
	EndGlobalSection
	GlobalSection(ExtensibilityGlobals) = postSolution
		SolutionGuid = {64AAA663-8C6B-4E0D-B15E-1BBC37C4BC06}
	EndGlobalSection
EndGlobal
